
Microsoft Visual Studio Solution File, Format Version 12.00
# Visual Studio 2012
Project("{8BC9CEB8-8B4A-11D0-8D11-00A0C91BC942}") = "tsgl", "tsgl.vcxproj", "{4436E331-0E22-4404-B1CB-CCC5B20C459E}"
EndProject
Project("{8BC9CEB8-8B4A-11D0-8D11-00A0C91BC942}") = "testAlphaRectangle", "vs2012\testAlphaRectangle.vcxproj", "{C3C493B7-A293-49F1-A094-9465349D8661}"
	ProjectSection(ProjectDependencies) = postProject
		{4436E331-0E22-4404-B1CB-CCC5B20C459E} = {4436E331-0E22-4404-B1CB-CCC5B20C459E}
	EndProjectSection
EndProject
Project("{8BC9CEB8-8B4A-11D0-8D11-00A0C91BC942}") = "testColorPoints", "vs2012\testColorPoints.vcxproj", "{75142FD6-5FA0-40E9-B580-0535B63D659B}"
	ProjectSection(ProjectDependencies) = postProject
		{4436E331-0E22-4404-B1CB-CCC5B20C459E} = {4436E331-0E22-4404-B1CB-CCC5B20C459E}
	EndProjectSection
EndProject
Project("{8BC9CEB8-8B4A-11D0-8D11-00A0C91BC942}") = "testConcavePolygon", "vs2012\testConcavePolygon.vcxproj", "{7272C90F-2BB2-4ACA-9608-92422A631366}"
	ProjectSection(ProjectDependencies) = postProject
		{4436E331-0E22-4404-B1CB-CCC5B20C459E} = {4436E331-0E22-4404-B1CB-CCC5B20C459E}
	EndProjectSection
EndProject
Project("{8BC9CEB8-8B4A-11D0-8D11-00A0C91BC942}") = "testConway", "vs2012\testConway.vcxproj", "{F069D325-0ADD-465A-AAA1-9CD1610FF8D6}"
	ProjectSection(ProjectDependencies) = postProject
		{4436E331-0E22-4404-B1CB-CCC5B20C459E} = {4436E331-0E22-4404-B1CB-CCC5B20C459E}
	EndProjectSection
EndProject
Project("{8BC9CEB8-8B4A-11D0-8D11-00A0C91BC942}") = "testCosineIntegral", "vs2012\testCosineIntegral.vcxproj", "{D1E18BF0-0152-4C61-8FC3-48568EF4CF97}"
	ProjectSection(ProjectDependencies) = postProject
		{4436E331-0E22-4404-B1CB-CCC5B20C459E} = {4436E331-0E22-4404-B1CB-CCC5B20C459E}
	EndProjectSection
EndProject
Project("{8BC9CEB8-8B4A-11D0-8D11-00A0C91BC942}") = "testDumbSort", "vs2012\testDumbSort.vcxproj", "{1AA40061-6D6E-4893-A56B-0F72B0974282}"
	ProjectSection(ProjectDependencies) = postProject
		{4436E331-0E22-4404-B1CB-CCC5B20C459E} = {4436E331-0E22-4404-B1CB-CCC5B20C459E}
	EndProjectSection
EndProject
Project("{8BC9CEB8-8B4A-11D0-8D11-00A0C91BC942}") = "testForestFire", "vs2012\testForestFire.vcxproj", "{2218A2AE-071D-4694-9891-4539F30A9236}"
	ProjectSection(ProjectDependencies) = postProject
		{4436E331-0E22-4404-B1CB-CCC5B20C459E} = {4436E331-0E22-4404-B1CB-CCC5B20C459E}
	EndProjectSection
EndProject
Project("{8BC9CEB8-8B4A-11D0-8D11-00A0C91BC942}") = "testFunction", "vs2012\testFunction.vcxproj", "{C3EEC148-AD26-4E8A-861D-41CCC7D5A068}"
	ProjectSection(ProjectDependencies) = postProject
		{4436E331-0E22-4404-B1CB-CCC5B20C459E} = {4436E331-0E22-4404-B1CB-CCC5B20C459E}
	EndProjectSection
EndProject
Project("{8BC9CEB8-8B4A-11D0-8D11-00A0C91BC942}") = "testGetPixels", "vs2012\testGetPixels.vcxproj", "{C0E045F9-E70E-4A1B-8F91-490E4863AFAE}"
	ProjectSection(ProjectDependencies) = postProject
		{4436E331-0E22-4404-B1CB-CCC5B20C459E} = {4436E331-0E22-4404-B1CB-CCC5B20C459E}
	EndProjectSection
EndProject
Project("{8BC9CEB8-8B4A-11D0-8D11-00A0C91BC942}") = "testGradientWheel", "vs2012\testGradientWheel.vcxproj", "{B34DE966-8249-4D10-B2A8-38076DF60446}"
	ProjectSection(ProjectDependencies) = postProject
		{4436E331-0E22-4404-B1CB-CCC5B20C459E} = {4436E331-0E22-4404-B1CB-CCC5B20C459E}
	EndProjectSection
EndProject
Project("{8BC9CEB8-8B4A-11D0-8D11-00A0C91BC942}") = "testGreyscale", "vs2012\testGreyscale.vcxproj", "{82F5F354-49B9-4B26-A7D6-B1983A22BE57}"
	ProjectSection(ProjectDependencies) = postProject
		{4436E331-0E22-4404-B1CB-CCC5B20C459E} = {4436E331-0E22-4404-B1CB-CCC5B20C459E}
	EndProjectSection
EndProject
Project("{8BC9CEB8-8B4A-11D0-8D11-00A0C91BC942}") = "testGraydient", "vs2012\testGraydient.vcxproj", "{091C7892-841B-464B-8C5F-DA4CDE1E17FF}"
	ProjectSection(ProjectDependencies) = postProject
		{4436E331-0E22-4404-B1CB-CCC5B20C459E} = {4436E331-0E22-4404-B1CB-CCC5B20C459E}
	EndProjectSection
EndProject
Project("{8BC9CEB8-8B4A-11D0-8D11-00A0C91BC942}") = "testHighData", "vs2012\testHighData.vcxproj", "{764971AC-24AC-4393-9590-4CF150E1E4D7}"
	ProjectSection(ProjectDependencies) = postProject
		{4436E331-0E22-4404-B1CB-CCC5B20C459E} = {4436E331-0E22-4404-B1CB-CCC5B20C459E}
	EndProjectSection
EndProject
Project("{8BC9CEB8-8B4A-11D0-8D11-00A0C91BC942}") = "testImage", "vs2012\testImage.vcxproj", "{BDD74ECB-6280-4DED-8213-FC7603B187A1}"
	ProjectSection(ProjectDependencies) = postProject
		{4436E331-0E22-4404-B1CB-CCC5B20C459E} = {4436E331-0E22-4404-B1CB-CCC5B20C459E}
	EndProjectSection
EndProject
Project("{8BC9CEB8-8B4A-11D0-8D11-00A0C91BC942}") = "testImageCart", "vs2012\testImageCart.vcxproj", "{68B42B7A-30B0-4507-8315-CFAA8E5040E4}"
	ProjectSection(ProjectDependencies) = postProject
		{4436E331-0E22-4404-B1CB-CCC5B20C459E} = {4436E331-0E22-4404-B1CB-CCC5B20C459E}
	EndProjectSection
EndProject
Project("{8BC9CEB8-8B4A-11D0-8D11-00A0C91BC942}") = "testInverter", "vs2012\testInverter.vcxproj", "{228735C3-E2B8-4887-8254-FA24D4F25C9E}"
	ProjectSection(ProjectDependencies) = postProject
		{4436E331-0E22-4404-B1CB-CCC5B20C459E} = {4436E331-0E22-4404-B1CB-CCC5B20C459E}
	EndProjectSection
EndProject
Project("{8BC9CEB8-8B4A-11D0-8D11-00A0C91BC942}") = "testLangton", "vs2012\testLangton.vcxproj", "{2420042C-1EF3-4BF2-BE56-0125A671E824}"
	ProjectSection(ProjectDependencies) = postProject
		{4436E331-0E22-4404-B1CB-CCC5B20C459E} = {4436E331-0E22-4404-B1CB-CCC5B20C459E}
	EndProjectSection
EndProject
Project("{8BC9CEB8-8B4A-11D0-8D11-00A0C91BC942}") = "testLineChain", "vs2012\testLineChain.vcxproj", "{4B6B49DC-E40B-45F1-9A6E-A6A75EEDBA4F}"
	ProjectSection(ProjectDependencies) = postProject
		{4436E331-0E22-4404-B1CB-CCC5B20C459E} = {4436E331-0E22-4404-B1CB-CCC5B20C459E}
	EndProjectSection
EndProject
Project("{8BC9CEB8-8B4A-11D0-8D11-00A0C91BC942}") = "testLineFan", "vs2012\testLineFan.vcxproj", "{78DAB5A3-7DB1-42AF-B921-CDDB8E58301B}"
	ProjectSection(ProjectDependencies) = postProject
		{4436E331-0E22-4404-B1CB-CCC5B20C459E} = {4436E331-0E22-4404-B1CB-CCC5B20C459E}
	EndProjectSection
EndProject
Project("{8BC9CEB8-8B4A-11D0-8D11-00A0C91BC942}") = "testMandelbrot", "vs2012\testMandelbrot.vcxproj", "{5F024883-B62F-4B30-B5E0-84A6CD8F834C}"
	ProjectSection(ProjectDependencies) = postProject
		{4436E331-0E22-4404-B1CB-CCC5B20C459E} = {4436E331-0E22-4404-B1CB-CCC5B20C459E}
	EndProjectSection
EndProject
Project("{8BC9CEB8-8B4A-11D0-8D11-00A0C91BC942}") = "testMouse", "vs2012\testMouse.vcxproj", "{F7E56A8B-4878-4D91-A950-B015F562E6C2}"
	ProjectSection(ProjectDependencies) = postProject
		{4436E331-0E22-4404-B1CB-CCC5B20C459E} = {4436E331-0E22-4404-B1CB-CCC5B20C459E}
	EndProjectSection
EndProject
Project("{8BC9CEB8-8B4A-11D0-8D11-00A0C91BC942}") = "testNewtonPendulum", "vs2012\testNewtonPendulum.vcxproj", "{FB523785-E427-45D7-8A4F-6C3ADCFD0AC7}"
	ProjectSection(ProjectDependencies) = postProject
		{4436E331-0E22-4404-B1CB-CCC5B20C459E} = {4436E331-0E22-4404-B1CB-CCC5B20C459E}
	EndProjectSection
EndProject
Project("{8BC9CEB8-8B4A-11D0-8D11-00A0C91BC942}") = "testPong", "vs2012\testPong.vcxproj", "{04E2B42D-18F0-4ABF-A5AA-127F0ADA61E7}"
	ProjectSection(ProjectDependencies) = postProject
		{4436E331-0E22-4404-B1CB-CCC5B20C459E} = {4436E331-0E22-4404-B1CB-CCC5B20C459E}
	EndProjectSection
EndProject
Project("{8BC9CEB8-8B4A-11D0-8D11-00A0C91BC942}") = "testScreenshot", "vs2012\testScreenshot.vcxproj", "{FFDE8917-365E-4F5A-BF48-1EC9ECAA132A}"
	ProjectSection(ProjectDependencies) = postProject
		{4436E331-0E22-4404-B1CB-CCC5B20C459E} = {4436E331-0E22-4404-B1CB-CCC5B20C459E}
	EndProjectSection
EndProject
Project("{8BC9CEB8-8B4A-11D0-8D11-00A0C91BC942}") = "testSpectrum", "vs2012\testSpectrum.vcxproj", "{DE83CA2E-4F10-4263-9D72-31079735A4A9}"
	ProjectSection(ProjectDependencies) = postProject
		{4436E331-0E22-4404-B1CB-CCC5B20C459E} = {4436E331-0E22-4404-B1CB-CCC5B20C459E}
	EndProjectSection
EndProject
Project("{8BC9CEB8-8B4A-11D0-8D11-00A0C91BC942}") = "testText", "vs2012\testText.vcxproj", "{F7FC3D3F-8007-4188-A895-C6659D327353}"
	ProjectSection(ProjectDependencies) = postProject
		{4436E331-0E22-4404-B1CB-CCC5B20C459E} = {4436E331-0E22-4404-B1CB-CCC5B20C459E}
	EndProjectSection
EndProject
Project("{8BC9CEB8-8B4A-11D0-8D11-00A0C91BC942}") = "testTextCart", "vs2012\testTextCart.vcxproj", "{ECE6163D-9117-4375-8AA6-8BD1D5BA409B}"
	ProjectSection(ProjectDependencies) = postProject
		{4436E331-0E22-4404-B1CB-CCC5B20C459E} = {4436E331-0E22-4404-B1CB-CCC5B20C459E}
	EndProjectSection
EndProject
Project("{8BC9CEB8-8B4A-11D0-8D11-00A0C91BC942}") = "testTextTwo", "vs2012\testTextTwo.vcxproj", "{BC5020F0-25B1-4DB3-A1DE-9E1062B9ACAD}"
	ProjectSection(ProjectDependencies) = postProject
		{4436E331-0E22-4404-B1CB-CCC5B20C459E} = {4436E331-0E22-4404-B1CB-CCC5B20C459E}
	EndProjectSection
EndProject
Project("{8BC9CEB8-8B4A-11D0-8D11-00A0C91BC942}") = "testVoronoi", "vs2012\testVoronoi.vcxproj", "{BB1A650E-51DA-4873-8E65-0BC7A4A09F5E}"
	ProjectSection(ProjectDependencies) = postProject
		{4436E331-0E22-4404-B1CB-CCC5B20C459E} = {4436E331-0E22-4404-B1CB-CCC5B20C459E}
	EndProjectSection
EndProject
Project("{8BC9CEB8-8B4A-11D0-8D11-00A0C91BC942}") = "testBallRoom", "vs2012\testBallRoom.vcxproj", "{97562F72-6F1B-4348-9787-C568A7A7FC5B}"
	ProjectSection(ProjectDependencies) = postProject
		{4436E331-0E22-4404-B1CB-CCC5B20C459E} = {4436E331-0E22-4404-B1CB-CCC5B20C459E}
	EndProjectSection
EndProject
Project("{8BC9CEB8-8B4A-11D0-8D11-00A0C91BC942}") = "testSeaUrchin", "vs2012\testSeaUrchin.vcxproj", "{9B53EED3-25C7-440B-8BFA-B1F6037D6600}"
	ProjectSection(ProjectDependencies) = postProject
		{4436E331-0E22-4404-B1CB-CCC5B20C459E} = {4436E331-0E22-4404-B1CB-CCC5B20C459E}
	EndProjectSection
EndProject
Project("{8BC9CEB8-8B4A-11D0-8D11-00A0C91BC942}") = "testSmartSort", "vs2012\testSmartSort.vcxproj", "{841706E2-3993-4FAA-8792-75EBB6B61446}"
	ProjectSection(ProjectDependencies) = postProject
		{4436E331-0E22-4404-B1CB-CCC5B20C459E} = {4436E331-0E22-4404-B1CB-CCC5B20C459E}
	EndProjectSection
EndProject
Project("{8BC9CEB8-8B4A-11D0-8D11-00A0C91BC942}") = "testCalcPi", "vs2012\testCalcPi.vcxproj", "{5DABC267-9C2D-468C-B546-F859F8A93827}"
	ProjectSection(ProjectDependencies) = postProject
		{4436E331-0E22-4404-B1CB-CCC5B20C459E} = {4436E331-0E22-4404-B1CB-CCC5B20C459E}
	EndProjectSection
EndProject
Project("{8BC9CEB8-8B4A-11D0-8D11-00A0C91BC942}") = "testProjectiles", "vs2012\testProjectiles.vcxproj", "{404FB540-9351-4519-83E9-EF1243C5AF60}"
	ProjectSection(ProjectDependencies) = postProject
		{4436E331-0E22-4404-B1CB-CCC5B20C459E} = {4436E331-0E22-4404-B1CB-CCC5B20C459E}
	EndProjectSection
EndProject
Project("{8BC9CEB8-8B4A-11D0-8D11-00A0C91BC942}") = "testColorWheel", "vs2012\testColorWheel.vcxproj", "{792E9BCA-748B-4B90-83C4-719C7B8CC382}"
	ProjectSection(ProjectDependencies) = postProject
		{4436E331-0E22-4404-B1CB-CCC5B20C459E} = {4436E331-0E22-4404-B1CB-CCC5B20C459E}
	EndProjectSection
EndProject
Project("{8BC9CEB8-8B4A-11D0-8D11-00A0C91BC942}") = "testUnits", "vs2012\testUnits.vcxproj", "{D6E6FC71-A1DE-43B8-A825-F5518B890CDB}"
	ProjectSection(ProjectDependencies) = postProject
		{4436E331-0E22-4404-B1CB-CCC5B20C459E} = {4436E331-0E22-4404-B1CB-CCC5B20C459E}
	EndProjectSection
EndProject
Project("{8BC9CEB8-8B4A-11D0-8D11-00A0C91BC942}") = "testAura", "vs2012\testAura.vcxproj", "{47A811A1-89BB-4EC2-B4D4-CDAE6A9AEB69}"
	ProjectSection(ProjectDependencies) = postProject
		{4436E331-0E22-4404-B1CB-CCC5B20C459E} = {4436E331-0E22-4404-B1CB-CCC5B20C459E}
	EndProjectSection
EndProject
Project("{8BC9CEB8-8B4A-11D0-8D11-00A0C91BC942}") = "testFireworks", "vs2012\testFireworks.vcxproj", "{3473C2BF-A7EF-44EA-9092-A42E557702C6}"
	ProjectSection(ProjectDependencies) = postProject
		{4436E331-0E22-4404-B1CB-CCC5B20C459E} = {4436E331-0E22-4404-B1CB-CCC5B20C459E}
	EndProjectSection
EndProject
Project("{8BC9CEB8-8B4A-11D0-8D11-00A0C91BC942}") = "testPhilosophers", "vs2012\testPhilosophers.vcxproj", "{AD6A5374-298B-49FA-9885-D2BF535F3B7D}"
	ProjectSection(ProjectDependencies) = postProject
		{4436E331-0E22-4404-B1CB-CCC5B20C459E} = {4436E331-0E22-4404-B1CB-CCC5B20C459E}
	EndProjectSection
EndProject
Project("{8BC9CEB8-8B4A-11D0-8D11-00A0C91BC942}") = "testBlurImage", "vs2012\testBlurImage.vcxproj", "{176FC6A6-9007-4B65-AB33-F8A6114D534B}"
EndProject
Project("{8BC9CEB8-8B4A-11D0-8D11-00A0C91BC942}") = "testSpectrogram", "vs2012\testSpectrogram.vcxproj", "{F3DD7942-BB0A-4879-A9B6-8BFB69B4E543}"
EndProject
Global
	GlobalSection(SolutionConfigurationPlatforms) = preSolution
		Debug|Win32 = Debug|Win32
		Release|Win32 = Release|Win32
	EndGlobalSection
	GlobalSection(ProjectConfigurationPlatforms) = postSolution
		{4436E331-0E22-4404-B1CB-CCC5B20C459E}.Debug|Win32.ActiveCfg = Debug|Win32
		{4436E331-0E22-4404-B1CB-CCC5B20C459E}.Debug|Win32.Build.0 = Debug|Win32
		{4436E331-0E22-4404-B1CB-CCC5B20C459E}.Release|Win32.ActiveCfg = Release|Win32
		{4436E331-0E22-4404-B1CB-CCC5B20C459E}.Release|Win32.Build.0 = Release|Win32
		{C3C493B7-A293-49F1-A094-9465349D8661}.Debug|Win32.ActiveCfg = Debug|Win32
		{C3C493B7-A293-49F1-A094-9465349D8661}.Debug|Win32.Build.0 = Debug|Win32
		{C3C493B7-A293-49F1-A094-9465349D8661}.Release|Win32.ActiveCfg = Release|Win32
		{C3C493B7-A293-49F1-A094-9465349D8661}.Release|Win32.Build.0 = Release|Win32
		{75142FD6-5FA0-40E9-B580-0535B63D659B}.Debug|Win32.ActiveCfg = Debug|Win32
		{75142FD6-5FA0-40E9-B580-0535B63D659B}.Debug|Win32.Build.0 = Debug|Win32
		{75142FD6-5FA0-40E9-B580-0535B63D659B}.Release|Win32.ActiveCfg = Release|Win32
		{75142FD6-5FA0-40E9-B580-0535B63D659B}.Release|Win32.Build.0 = Release|Win32
		{7272C90F-2BB2-4ACA-9608-92422A631366}.Debug|Win32.ActiveCfg = Debug|Win32
		{7272C90F-2BB2-4ACA-9608-92422A631366}.Debug|Win32.Build.0 = Debug|Win32
		{7272C90F-2BB2-4ACA-9608-92422A631366}.Release|Win32.ActiveCfg = Release|Win32
		{7272C90F-2BB2-4ACA-9608-92422A631366}.Release|Win32.Build.0 = Release|Win32
		{F069D325-0ADD-465A-AAA1-9CD1610FF8D6}.Debug|Win32.ActiveCfg = Debug|Win32
		{F069D325-0ADD-465A-AAA1-9CD1610FF8D6}.Debug|Win32.Build.0 = Debug|Win32
		{F069D325-0ADD-465A-AAA1-9CD1610FF8D6}.Release|Win32.ActiveCfg = Release|Win32
		{F069D325-0ADD-465A-AAA1-9CD1610FF8D6}.Release|Win32.Build.0 = Release|Win32
		{D1E18BF0-0152-4C61-8FC3-48568EF4CF97}.Debug|Win32.ActiveCfg = Debug|Win32
		{D1E18BF0-0152-4C61-8FC3-48568EF4CF97}.Debug|Win32.Build.0 = Debug|Win32
		{D1E18BF0-0152-4C61-8FC3-48568EF4CF97}.Release|Win32.ActiveCfg = Release|Win32
		{D1E18BF0-0152-4C61-8FC3-48568EF4CF97}.Release|Win32.Build.0 = Release|Win32
		{1AA40061-6D6E-4893-A56B-0F72B0974282}.Debug|Win32.ActiveCfg = Debug|Win32
		{1AA40061-6D6E-4893-A56B-0F72B0974282}.Debug|Win32.Build.0 = Debug|Win32
		{1AA40061-6D6E-4893-A56B-0F72B0974282}.Release|Win32.ActiveCfg = Release|Win32
		{1AA40061-6D6E-4893-A56B-0F72B0974282}.Release|Win32.Build.0 = Release|Win32
		{2218A2AE-071D-4694-9891-4539F30A9236}.Debug|Win32.ActiveCfg = Debug|Win32
		{2218A2AE-071D-4694-9891-4539F30A9236}.Debug|Win32.Build.0 = Debug|Win32
		{2218A2AE-071D-4694-9891-4539F30A9236}.Release|Win32.ActiveCfg = Release|Win32
		{2218A2AE-071D-4694-9891-4539F30A9236}.Release|Win32.Build.0 = Release|Win32
		{C3EEC148-AD26-4E8A-861D-41CCC7D5A068}.Debug|Win32.ActiveCfg = Debug|Win32
		{C3EEC148-AD26-4E8A-861D-41CCC7D5A068}.Debug|Win32.Build.0 = Debug|Win32
		{C3EEC148-AD26-4E8A-861D-41CCC7D5A068}.Release|Win32.ActiveCfg = Release|Win32
		{C3EEC148-AD26-4E8A-861D-41CCC7D5A068}.Release|Win32.Build.0 = Release|Win32
		{C0E045F9-E70E-4A1B-8F91-490E4863AFAE}.Debug|Win32.ActiveCfg = Debug|Win32
		{C0E045F9-E70E-4A1B-8F91-490E4863AFAE}.Debug|Win32.Build.0 = Debug|Win32
		{C0E045F9-E70E-4A1B-8F91-490E4863AFAE}.Release|Win32.ActiveCfg = Release|Win32
		{C0E045F9-E70E-4A1B-8F91-490E4863AFAE}.Release|Win32.Build.0 = Release|Win32
		{B34DE966-8249-4D10-B2A8-38076DF60446}.Debug|Win32.ActiveCfg = Debug|Win32
		{B34DE966-8249-4D10-B2A8-38076DF60446}.Debug|Win32.Build.0 = Debug|Win32
		{B34DE966-8249-4D10-B2A8-38076DF60446}.Release|Win32.ActiveCfg = Release|Win32
		{B34DE966-8249-4D10-B2A8-38076DF60446}.Release|Win32.Build.0 = Release|Win32
		{82F5F354-49B9-4B26-A7D6-B1983A22BE57}.Debug|Win32.ActiveCfg = Debug|Win32
		{82F5F354-49B9-4B26-A7D6-B1983A22BE57}.Debug|Win32.Build.0 = Debug|Win32
		{82F5F354-49B9-4B26-A7D6-B1983A22BE57}.Release|Win32.ActiveCfg = Release|Win32
		{82F5F354-49B9-4B26-A7D6-B1983A22BE57}.Release|Win32.Build.0 = Release|Win32
		{091C7892-841B-464B-8C5F-DA4CDE1E17FF}.Debug|Win32.ActiveCfg = Debug|Win32
		{091C7892-841B-464B-8C5F-DA4CDE1E17FF}.Debug|Win32.Build.0 = Debug|Win32
		{091C7892-841B-464B-8C5F-DA4CDE1E17FF}.Release|Win32.ActiveCfg = Release|Win32
		{091C7892-841B-464B-8C5F-DA4CDE1E17FF}.Release|Win32.Build.0 = Release|Win32
		{764971AC-24AC-4393-9590-4CF150E1E4D7}.Debug|Win32.ActiveCfg = Debug|Win32
		{764971AC-24AC-4393-9590-4CF150E1E4D7}.Debug|Win32.Build.0 = Debug|Win32
		{764971AC-24AC-4393-9590-4CF150E1E4D7}.Release|Win32.ActiveCfg = Release|Win32
		{764971AC-24AC-4393-9590-4CF150E1E4D7}.Release|Win32.Build.0 = Release|Win32
		{BDD74ECB-6280-4DED-8213-FC7603B187A1}.Debug|Win32.ActiveCfg = Debug|Win32
		{BDD74ECB-6280-4DED-8213-FC7603B187A1}.Debug|Win32.Build.0 = Debug|Win32
		{BDD74ECB-6280-4DED-8213-FC7603B187A1}.Release|Win32.ActiveCfg = Release|Win32
		{BDD74ECB-6280-4DED-8213-FC7603B187A1}.Release|Win32.Build.0 = Release|Win32
		{68B42B7A-30B0-4507-8315-CFAA8E5040E4}.Debug|Win32.ActiveCfg = Debug|Win32
		{68B42B7A-30B0-4507-8315-CFAA8E5040E4}.Debug|Win32.Build.0 = Debug|Win32
		{68B42B7A-30B0-4507-8315-CFAA8E5040E4}.Release|Win32.ActiveCfg = Release|Win32
		{68B42B7A-30B0-4507-8315-CFAA8E5040E4}.Release|Win32.Build.0 = Release|Win32
		{228735C3-E2B8-4887-8254-FA24D4F25C9E}.Debug|Win32.ActiveCfg = Debug|Win32
		{228735C3-E2B8-4887-8254-FA24D4F25C9E}.Debug|Win32.Build.0 = Debug|Win32
		{228735C3-E2B8-4887-8254-FA24D4F25C9E}.Release|Win32.ActiveCfg = Release|Win32
		{228735C3-E2B8-4887-8254-FA24D4F25C9E}.Release|Win32.Build.0 = Release|Win32
		{2420042C-1EF3-4BF2-BE56-0125A671E824}.Debug|Win32.ActiveCfg = Debug|Win32
		{2420042C-1EF3-4BF2-BE56-0125A671E824}.Debug|Win32.Build.0 = Debug|Win32
		{2420042C-1EF3-4BF2-BE56-0125A671E824}.Release|Win32.ActiveCfg = Release|Win32
		{2420042C-1EF3-4BF2-BE56-0125A671E824}.Release|Win32.Build.0 = Release|Win32
		{4B6B49DC-E40B-45F1-9A6E-A6A75EEDBA4F}.Debug|Win32.ActiveCfg = Debug|Win32
		{4B6B49DC-E40B-45F1-9A6E-A6A75EEDBA4F}.Debug|Win32.Build.0 = Debug|Win32
		{4B6B49DC-E40B-45F1-9A6E-A6A75EEDBA4F}.Release|Win32.ActiveCfg = Release|Win32
		{4B6B49DC-E40B-45F1-9A6E-A6A75EEDBA4F}.Release|Win32.Build.0 = Release|Win32
		{78DAB5A3-7DB1-42AF-B921-CDDB8E58301B}.Debug|Win32.ActiveCfg = Debug|Win32
		{78DAB5A3-7DB1-42AF-B921-CDDB8E58301B}.Debug|Win32.Build.0 = Debug|Win32
		{78DAB5A3-7DB1-42AF-B921-CDDB8E58301B}.Release|Win32.ActiveCfg = Release|Win32
		{78DAB5A3-7DB1-42AF-B921-CDDB8E58301B}.Release|Win32.Build.0 = Release|Win32
		{5F024883-B62F-4B30-B5E0-84A6CD8F834C}.Debug|Win32.ActiveCfg = Debug|Win32
		{5F024883-B62F-4B30-B5E0-84A6CD8F834C}.Debug|Win32.Build.0 = Debug|Win32
		{5F024883-B62F-4B30-B5E0-84A6CD8F834C}.Release|Win32.ActiveCfg = Release|Win32
		{5F024883-B62F-4B30-B5E0-84A6CD8F834C}.Release|Win32.Build.0 = Release|Win32
		{F7E56A8B-4878-4D91-A950-B015F562E6C2}.Debug|Win32.ActiveCfg = Debug|Win32
		{F7E56A8B-4878-4D91-A950-B015F562E6C2}.Debug|Win32.Build.0 = Debug|Win32
		{F7E56A8B-4878-4D91-A950-B015F562E6C2}.Release|Win32.ActiveCfg = Release|Win32
		{F7E56A8B-4878-4D91-A950-B015F562E6C2}.Release|Win32.Build.0 = Release|Win32
		{FB523785-E427-45D7-8A4F-6C3ADCFD0AC7}.Debug|Win32.ActiveCfg = Debug|Win32
		{FB523785-E427-45D7-8A4F-6C3ADCFD0AC7}.Debug|Win32.Build.0 = Debug|Win32
		{FB523785-E427-45D7-8A4F-6C3ADCFD0AC7}.Release|Win32.ActiveCfg = Release|Win32
		{FB523785-E427-45D7-8A4F-6C3ADCFD0AC7}.Release|Win32.Build.0 = Release|Win32
		{04E2B42D-18F0-4ABF-A5AA-127F0ADA61E7}.Debug|Win32.ActiveCfg = Debug|Win32
		{04E2B42D-18F0-4ABF-A5AA-127F0ADA61E7}.Debug|Win32.Build.0 = Debug|Win32
		{04E2B42D-18F0-4ABF-A5AA-127F0ADA61E7}.Release|Win32.ActiveCfg = Release|Win32
		{04E2B42D-18F0-4ABF-A5AA-127F0ADA61E7}.Release|Win32.Build.0 = Release|Win32
		{FFDE8917-365E-4F5A-BF48-1EC9ECAA132A}.Debug|Win32.ActiveCfg = Debug|Win32
		{FFDE8917-365E-4F5A-BF48-1EC9ECAA132A}.Debug|Win32.Build.0 = Debug|Win32
		{FFDE8917-365E-4F5A-BF48-1EC9ECAA132A}.Release|Win32.ActiveCfg = Release|Win32
		{FFDE8917-365E-4F5A-BF48-1EC9ECAA132A}.Release|Win32.Build.0 = Release|Win32
		{DE83CA2E-4F10-4263-9D72-31079735A4A9}.Debug|Win32.ActiveCfg = Debug|Win32
		{DE83CA2E-4F10-4263-9D72-31079735A4A9}.Debug|Win32.Build.0 = Debug|Win32
		{DE83CA2E-4F10-4263-9D72-31079735A4A9}.Release|Win32.ActiveCfg = Release|Win32
		{DE83CA2E-4F10-4263-9D72-31079735A4A9}.Release|Win32.Build.0 = Release|Win32
		{F7FC3D3F-8007-4188-A895-C6659D327353}.Debug|Win32.ActiveCfg = Debug|Win32
		{F7FC3D3F-8007-4188-A895-C6659D327353}.Debug|Win32.Build.0 = Debug|Win32
		{F7FC3D3F-8007-4188-A895-C6659D327353}.Release|Win32.ActiveCfg = Release|Win32
		{F7FC3D3F-8007-4188-A895-C6659D327353}.Release|Win32.Build.0 = Release|Win32
		{ECE6163D-9117-4375-8AA6-8BD1D5BA409B}.Debug|Win32.ActiveCfg = Debug|Win32
		{ECE6163D-9117-4375-8AA6-8BD1D5BA409B}.Debug|Win32.Build.0 = Debug|Win32
		{ECE6163D-9117-4375-8AA6-8BD1D5BA409B}.Release|Win32.ActiveCfg = Release|Win32
		{ECE6163D-9117-4375-8AA6-8BD1D5BA409B}.Release|Win32.Build.0 = Release|Win32
		{BC5020F0-25B1-4DB3-A1DE-9E1062B9ACAD}.Debug|Win32.ActiveCfg = Debug|Win32
		{BC5020F0-25B1-4DB3-A1DE-9E1062B9ACAD}.Debug|Win32.Build.0 = Debug|Win32
		{BC5020F0-25B1-4DB3-A1DE-9E1062B9ACAD}.Release|Win32.ActiveCfg = Release|Win32
		{BC5020F0-25B1-4DB3-A1DE-9E1062B9ACAD}.Release|Win32.Build.0 = Release|Win32
		{BB1A650E-51DA-4873-8E65-0BC7A4A09F5E}.Debug|Win32.ActiveCfg = Debug|Win32
		{BB1A650E-51DA-4873-8E65-0BC7A4A09F5E}.Debug|Win32.Build.0 = Debug|Win32
		{BB1A650E-51DA-4873-8E65-0BC7A4A09F5E}.Release|Win32.ActiveCfg = Release|Win32
		{BB1A650E-51DA-4873-8E65-0BC7A4A09F5E}.Release|Win32.Build.0 = Release|Win32
		{97562F72-6F1B-4348-9787-C568A7A7FC5B}.Debug|Win32.ActiveCfg = Debug|Win32
		{97562F72-6F1B-4348-9787-C568A7A7FC5B}.Debug|Win32.Build.0 = Debug|Win32
		{97562F72-6F1B-4348-9787-C568A7A7FC5B}.Release|Win32.ActiveCfg = Release|Win32
		{97562F72-6F1B-4348-9787-C568A7A7FC5B}.Release|Win32.Build.0 = Release|Win32
		{9B53EED3-25C7-440B-8BFA-B1F6037D6600}.Debug|Win32.ActiveCfg = Debug|Win32
		{9B53EED3-25C7-440B-8BFA-B1F6037D6600}.Debug|Win32.Build.0 = Debug|Win32
		{9B53EED3-25C7-440B-8BFA-B1F6037D6600}.Release|Win32.ActiveCfg = Release|Win32
		{9B53EED3-25C7-440B-8BFA-B1F6037D6600}.Release|Win32.Build.0 = Release|Win32
		{841706E2-3993-4FAA-8792-75EBB6B61446}.Debug|Win32.ActiveCfg = Debug|Win32
		{841706E2-3993-4FAA-8792-75EBB6B61446}.Debug|Win32.Build.0 = Debug|Win32
		{841706E2-3993-4FAA-8792-75EBB6B61446}.Release|Win32.ActiveCfg = Release|Win32
		{841706E2-3993-4FAA-8792-75EBB6B61446}.Release|Win32.Build.0 = Release|Win32
		{5DABC267-9C2D-468C-B546-F859F8A93827}.Debug|Win32.ActiveCfg = Debug|Win32
		{5DABC267-9C2D-468C-B546-F859F8A93827}.Debug|Win32.Build.0 = Debug|Win32
		{5DABC267-9C2D-468C-B546-F859F8A93827}.Release|Win32.ActiveCfg = Release|Win32
		{5DABC267-9C2D-468C-B546-F859F8A93827}.Release|Win32.Build.0 = Release|Win32
		{404FB540-9351-4519-83E9-EF1243C5AF60}.Debug|Win32.ActiveCfg = Debug|Win32
		{404FB540-9351-4519-83E9-EF1243C5AF60}.Debug|Win32.Build.0 = Debug|Win32
		{404FB540-9351-4519-83E9-EF1243C5AF60}.Release|Win32.ActiveCfg = Release|Win32
		{404FB540-9351-4519-83E9-EF1243C5AF60}.Release|Win32.Build.0 = Release|Win32
		{792E9BCA-748B-4B90-83C4-719C7B8CC382}.Debug|Win32.ActiveCfg = Debug|Win32
		{792E9BCA-748B-4B90-83C4-719C7B8CC382}.Debug|Win32.Build.0 = Debug|Win32
		{792E9BCA-748B-4B90-83C4-719C7B8CC382}.Release|Win32.ActiveCfg = Release|Win32
		{792E9BCA-748B-4B90-83C4-719C7B8CC382}.Release|Win32.Build.0 = Release|Win32
		{D6E6FC71-A1DE-43B8-A825-F5518B890CDB}.Debug|Win32.ActiveCfg = Debug|Win32
		{D6E6FC71-A1DE-43B8-A825-F5518B890CDB}.Debug|Win32.Build.0 = Debug|Win32
		{D6E6FC71-A1DE-43B8-A825-F5518B890CDB}.Release|Win32.ActiveCfg = Release|Win32
		{D6E6FC71-A1DE-43B8-A825-F5518B890CDB}.Release|Win32.Build.0 = Release|Win32
		{47A811A1-89BB-4EC2-B4D4-CDAE6A9AEB69}.Debug|Win32.ActiveCfg = Debug|Win32
		{47A811A1-89BB-4EC2-B4D4-CDAE6A9AEB69}.Debug|Win32.Build.0 = Debug|Win32
		{47A811A1-89BB-4EC2-B4D4-CDAE6A9AEB69}.Release|Win32.ActiveCfg = Release|Win32
		{47A811A1-89BB-4EC2-B4D4-CDAE6A9AEB69}.Release|Win32.Build.0 = Release|Win32
		{3473C2BF-A7EF-44EA-9092-A42E557702C6}.Debug|Win32.ActiveCfg = Debug|Win32
		{3473C2BF-A7EF-44EA-9092-A42E557702C6}.Debug|Win32.Build.0 = Debug|Win32
		{3473C2BF-A7EF-44EA-9092-A42E557702C6}.Release|Win32.ActiveCfg = Release|Win32
		{3473C2BF-A7EF-44EA-9092-A42E557702C6}.Release|Win32.Build.0 = Release|Win32
		{AD6A5374-298B-49FA-9885-D2BF535F3B7D}.Debug|Win32.ActiveCfg = Debug|Win32
		{AD6A5374-298B-49FA-9885-D2BF535F3B7D}.Debug|Win32.Build.0 = Debug|Win32
		{AD6A5374-298B-49FA-9885-D2BF535F3B7D}.Release|Win32.ActiveCfg = Release|Win32
		{AD6A5374-298B-49FA-9885-D2BF535F3B7D}.Release|Win32.Build.0 = Release|Win32
		{176FC6A6-9007-4B65-AB33-F8A6114D534B}.Debug|Win32.ActiveCfg = Debug|Win32
		{176FC6A6-9007-4B65-AB33-F8A6114D534B}.Debug|Win32.Build.0 = Debug|Win32
		{176FC6A6-9007-4B65-AB33-F8A6114D534B}.Release|Win32.ActiveCfg = Release|Win32
		{176FC6A6-9007-4B65-AB33-F8A6114D534B}.Release|Win32.Build.0 = Release|Win32
		{F3DD7942-BB0A-4879-A9B6-8BFB69B4E543}.Debug|Win32.ActiveCfg = Debug|Win32
		{F3DD7942-BB0A-4879-A9B6-8BFB69B4E543}.Debug|Win32.Build.0 = Debug|Win32
		{F3DD7942-BB0A-4879-A9B6-8BFB69B4E543}.Release|Win32.ActiveCfg = Release|Win32
		{F3DD7942-BB0A-4879-A9B6-8BFB69B4E543}.Release|Win32.Build.0 = Release|Win32
	EndGlobalSection
	GlobalSection(SolutionProperties) = preSolution
		HideSolutionNode = FALSE
	EndGlobalSection
EndGlobal
