
Microsoft Visual Studio Solution File, Format Version 12.00
# Visual Studio 2012
Project("{8BC9CEB8-8B4A-11D0-8D11-00A0C91BC942}") = "tsgl", "tsgl.vcxproj", "{4436E331-0E22-4404-B1CB-CCC5B20C459E}"
EndProject
Project("{8BC9CEB8-8B4A-11D0-8D11-00A0C91BC942}") = "testAlphaLangton", "vs2012\testAlphaLangton.vcxproj", "{DDE7D685-BE55-4B66-9F3C-5E3F7DDF8028}"
	ProjectSection(ProjectDependencies) = postProject
		{4436E331-0E22-4404-B1CB-CCC5B20C459E} = {4436E331-0E22-4404-B1CB-CCC5B20C459E}
	EndProjectSection
EndProject
Project("{8BC9CEB8-8B4A-11D0-8D11-00A0C91BC942}") = "testAlphaRectangle", "vs2012\testAlphaRectangle.vcxproj", "{C3C493B7-A293-49F1-A094-9465349D8661}"
	ProjectSection(ProjectDependencies) = postProject
		{4436E331-0E22-4404-B1CB-CCC5B20C459E} = {4436E331-0E22-4404-B1CB-CCC5B20C459E}
	EndProjectSection
EndProject
Project("{8BC9CEB8-8B4A-11D0-8D11-00A0C91BC942}") = "testClock", "vs2012\testClock.vcxproj", "{6CC9659B-9849-4E4A-835A-693FA23E2CED}"
	ProjectSection(ProjectDependencies) = postProject
		{4436E331-0E22-4404-B1CB-CCC5B20C459E} = {4436E331-0E22-4404-B1CB-CCC5B20C459E}
	EndProjectSection
EndProject
Project("{8BC9CEB8-8B4A-11D0-8D11-00A0C91BC942}") = "testColorPoints", "vs2012\testColorPoints.vcxproj", "{75142FD6-5FA0-40E9-B580-0535B63D659B}"
	ProjectSection(ProjectDependencies) = postProject
		{4436E331-0E22-4404-B1CB-CCC5B20C459E} = {4436E331-0E22-4404-B1CB-CCC5B20C459E}
	EndProjectSection
EndProject
Project("{8BC9CEB8-8B4A-11D0-8D11-00A0C91BC942}") = "testConcavePolygon", "vs2012\testConcavePolygon.vcxproj", "{7272C90F-2BB2-4ACA-9608-92422A631366}"
	ProjectSection(ProjectDependencies) = postProject
		{4436E331-0E22-4404-B1CB-CCC5B20C459E} = {4436E331-0E22-4404-B1CB-CCC5B20C459E}
	EndProjectSection
EndProject
Project("{8BC9CEB8-8B4A-11D0-8D11-00A0C91BC942}") = "testConway", "vs2012\testConway.vcxproj", "{F069D325-0ADD-465A-AAA1-9CD1610FF8D6}"
	ProjectSection(ProjectDependencies) = postProject
		{4436E331-0E22-4404-B1CB-CCC5B20C459E} = {4436E331-0E22-4404-B1CB-CCC5B20C459E}
	EndProjectSection
EndProject
Project("{8BC9CEB8-8B4A-11D0-8D11-00A0C91BC942}") = "testCosineIntegral", "vs2012\testCosineIntegral.vcxproj", "{D1E18BF0-0152-4C61-8FC3-48568EF4CF97}"
	ProjectSection(ProjectDependencies) = postProject
		{4436E331-0E22-4404-B1CB-CCC5B20C459E} = {4436E331-0E22-4404-B1CB-CCC5B20C459E}
	EndProjectSection
EndProject
Project("{8BC9CEB8-8B4A-11D0-8D11-00A0C91BC942}") = "testDumbSort", "vs2012\testDumbSort.vcxproj", "{1AA40061-6D6E-4893-A56B-0F72B0974282}"
	ProjectSection(ProjectDependencies) = postProject
		{4436E331-0E22-4404-B1CB-CCC5B20C459E} = {4436E331-0E22-4404-B1CB-CCC5B20C459E}
	EndProjectSection
EndProject
Project("{8BC9CEB8-8B4A-11D0-8D11-00A0C91BC942}") = "testForestFire", "vs2012\testForestFire.vcxproj", "{2218A2AE-071D-4694-9891-4539F30A9236}"
	ProjectSection(ProjectDependencies) = postProject
		{4436E331-0E22-4404-B1CB-CCC5B20C459E} = {4436E331-0E22-4404-B1CB-CCC5B20C459E}
	EndProjectSection
EndProject
Project("{8BC9CEB8-8B4A-11D0-8D11-00A0C91BC942}") = "testFunction", "vs2012\testFunction.vcxproj", "{C3EEC148-AD26-4E8A-861D-41CCC7D5A068}"
	ProjectSection(ProjectDependencies) = postProject
		{4436E331-0E22-4404-B1CB-CCC5B20C459E} = {4436E331-0E22-4404-B1CB-CCC5B20C459E}
	EndProjectSection
EndProject
Project("{8BC9CEB8-8B4A-11D0-8D11-00A0C91BC942}") = "testGetPixels", "vs2012\testGetPixels.vcxproj", "{C0E045F9-E70E-4A1B-8F91-490E4863AFAE}"
	ProjectSection(ProjectDependencies) = postProject
		{4436E331-0E22-4404-B1CB-CCC5B20C459E} = {4436E331-0E22-4404-B1CB-CCC5B20C459E}
	EndProjectSection
EndProject
Project("{8BC9CEB8-8B4A-11D0-8D11-00A0C91BC942}") = "testGradientMandelbrot", "vs2012\testGradientMandelbrot.vcxproj", "{1F3B80CE-170D-4F50-BCB2-6175B440671E}"
	ProjectSection(ProjectDependencies) = postProject
		{4436E331-0E22-4404-B1CB-CCC5B20C459E} = {4436E331-0E22-4404-B1CB-CCC5B20C459E}
	EndProjectSection
EndProject
Project("{8BC9CEB8-8B4A-11D0-8D11-00A0C91BC942}") = "testGradientWheel", "vs2012\testGradientWheel.vcxproj", "{B34DE966-8249-4D10-B2A8-38076DF60446}"
	ProjectSection(ProjectDependencies) = postProject
		{4436E331-0E22-4404-B1CB-CCC5B20C459E} = {4436E331-0E22-4404-B1CB-CCC5B20C459E}
	EndProjectSection
EndProject
Project("{8BC9CEB8-8B4A-11D0-8D11-00A0C91BC942}") = "testGreyscale", "vs2012\testGreyscale.vcxproj", "{82F5F354-49B9-4B26-A7D6-B1983A22BE57}"
	ProjectSection(ProjectDependencies) = postProject
		{4436E331-0E22-4404-B1CB-CCC5B20C459E} = {4436E331-0E22-4404-B1CB-CCC5B20C459E}
	EndProjectSection
EndProject
Project("{8BC9CEB8-8B4A-11D0-8D11-00A0C91BC942}") = "testGraydient", "vs2012\testGraydient.vcxproj", "{091C7892-841B-464B-8C5F-DA4CDE1E17FF}"
	ProjectSection(ProjectDependencies) = postProject
		{4436E331-0E22-4404-B1CB-CCC5B20C459E} = {4436E331-0E22-4404-B1CB-CCC5B20C459E}
	EndProjectSection
EndProject
Project("{8BC9CEB8-8B4A-11D0-8D11-00A0C91BC942}") = "testHighData", "vs2012\testHighData.vcxproj", "{764971AC-24AC-4393-9590-4CF150E1E4D7}"
	ProjectSection(ProjectDependencies) = postProject
		{4436E331-0E22-4404-B1CB-CCC5B20C459E} = {4436E331-0E22-4404-B1CB-CCC5B20C459E}
	EndProjectSection
EndProject
Project("{8BC9CEB8-8B4A-11D0-8D11-00A0C91BC942}") = "testImage", "vs2012\testImage.vcxproj", "{BDD74ECB-6280-4DED-8213-FC7603B187A1}"
	ProjectSection(ProjectDependencies) = postProject
		{4436E331-0E22-4404-B1CB-CCC5B20C459E} = {4436E331-0E22-4404-B1CB-CCC5B20C459E}
	EndProjectSection
EndProject
Project("{8BC9CEB8-8B4A-11D0-8D11-00A0C91BC942}") = "testImageCart", "vs2012\testImageCart.vcxproj", "{68B42B7A-30B0-4507-8315-CFAA8E5040E4}"
	ProjectSection(ProjectDependencies) = postProject
		{4436E331-0E22-4404-B1CB-CCC5B20C459E} = {4436E331-0E22-4404-B1CB-CCC5B20C459E}
	EndProjectSection
EndProject
Project("{8BC9CEB8-8B4A-11D0-8D11-00A0C91BC942}") = "testInverter", "vs2012\testInverter.vcxproj", "{228735C3-E2B8-4887-8254-FA24D4F25C9E}"
	ProjectSection(ProjectDependencies) = postProject
		{4436E331-0E22-4404-B1CB-CCC5B20C459E} = {4436E331-0E22-4404-B1CB-CCC5B20C459E}
	EndProjectSection
EndProject
Project("{8BC9CEB8-8B4A-11D0-8D11-00A0C91BC942}") = "testLangton", "vs2012\testLangton.vcxproj", "{2420042C-1EF3-4BF2-BE56-0125A671E824}"
	ProjectSection(ProjectDependencies) = postProject
		{4436E331-0E22-4404-B1CB-CCC5B20C459E} = {4436E331-0E22-4404-B1CB-CCC5B20C459E}
	EndProjectSection
EndProject
Project("{8BC9CEB8-8B4A-11D0-8D11-00A0C91BC942}") = "testLangtonColony", "vs2012\testLangtonColony.vcxproj", "{245C1543-04B2-4496-BCE4-DC610A80CD3A}"
	ProjectSection(ProjectDependencies) = postProject
		{4436E331-0E22-4404-B1CB-CCC5B20C459E} = {4436E331-0E22-4404-B1CB-CCC5B20C459E}
	EndProjectSection
EndProject
Project("{8BC9CEB8-8B4A-11D0-8D11-00A0C91BC942}") = "testLangtonRainbow", "vs2012\testLangtonRainbow.vcxproj", "{E2690080-E9B0-4539-8362-967949A2CB0D}"
	ProjectSection(ProjectDependencies) = postProject
		{4436E331-0E22-4404-B1CB-CCC5B20C459E} = {4436E331-0E22-4404-B1CB-CCC5B20C459E}
	EndProjectSection
EndProject
Project("{8BC9CEB8-8B4A-11D0-8D11-00A0C91BC942}") = "testLineChain", "vs2012\testLineChain.vcxproj", "{4B6B49DC-E40B-45F1-9A6E-A6A75EEDBA4F}"
	ProjectSection(ProjectDependencies) = postProject
		{4436E331-0E22-4404-B1CB-CCC5B20C459E} = {4436E331-0E22-4404-B1CB-CCC5B20C459E}
	EndProjectSection
EndProject
Project("{8BC9CEB8-8B4A-11D0-8D11-00A0C91BC942}") = "testLineFan", "vs2012\testLineFan.vcxproj", "{78DAB5A3-7DB1-42AF-B921-CDDB8E58301B}"
	ProjectSection(ProjectDependencies) = postProject
		{4436E331-0E22-4404-B1CB-CCC5B20C459E} = {4436E331-0E22-4404-B1CB-CCC5B20C459E}
	EndProjectSection
EndProject
Project("{8BC9CEB8-8B4A-11D0-8D11-00A0C91BC942}") = "testMandelbrot", "vs2012\testMandelbrot.vcxproj", "{5F024883-B62F-4B30-B5E0-84A6CD8F834C}"
	ProjectSection(ProjectDependencies) = postProject
		{4436E331-0E22-4404-B1CB-CCC5B20C459E} = {4436E331-0E22-4404-B1CB-CCC5B20C459E}
	EndProjectSection
EndProject
Project("{8BC9CEB8-8B4A-11D0-8D11-00A0C91BC942}") = "testMouse", "vs2012\testMouse.vcxproj", "{F7E56A8B-4878-4D91-A950-B015F562E6C2}"
	ProjectSection(ProjectDependencies) = postProject
		{4436E331-0E22-4404-B1CB-CCC5B20C459E} = {4436E331-0E22-4404-B1CB-CCC5B20C459E}
	EndProjectSection
EndProject
Project("{8BC9CEB8-8B4A-11D0-8D11-00A0C91BC942}") = "testNewtonPendulum", "vs2012\testNewtonPendulum.vcxproj", "{FB523785-E427-45D7-8A4F-6C3ADCFD0AC7}"
	ProjectSection(ProjectDependencies) = postProject
		{4436E331-0E22-4404-B1CB-CCC5B20C459E} = {4436E331-0E22-4404-B1CB-CCC5B20C459E}
	EndProjectSection
EndProject
Project("{8BC9CEB8-8B4A-11D0-8D11-00A0C91BC942}") = "testNova", "vs2012\testNova.vcxproj", "{AB9E7E75-6E28-4AD0-A6E6-AA98E06AE4D2}"
	ProjectSection(ProjectDependencies) = postProject
		{4436E331-0E22-4404-B1CB-CCC5B20C459E} = {4436E331-0E22-4404-B1CB-CCC5B20C459E}
	EndProjectSection
EndProject
Project("{8BC9CEB8-8B4A-11D0-8D11-00A0C91BC942}") = "testPong", "vs2012\testPong.vcxproj", "{04E2B42D-18F0-4ABF-A5AA-127F0ADA61E7}"
	ProjectSection(ProjectDependencies) = postProject
		{4436E331-0E22-4404-B1CB-CCC5B20C459E} = {4436E331-0E22-4404-B1CB-CCC5B20C459E}
	EndProjectSection
EndProject
Project("{8BC9CEB8-8B4A-11D0-8D11-00A0C91BC942}") = "testScreenshot", "vs2012\testScreenshot.vcxproj", "{FFDE8917-365E-4F5A-BF48-1EC9ECAA132A}"
	ProjectSection(ProjectDependencies) = postProject
		{4436E331-0E22-4404-B1CB-CCC5B20C459E} = {4436E331-0E22-4404-B1CB-CCC5B20C459E}
	EndProjectSection
EndProject
Project("{8BC9CEB8-8B4A-11D0-8D11-00A0C91BC942}") = "testScreenshotLangton", "vs2012\testScreenshotLangton.vcxproj", "{3EC22F58-6C0C-4F4A-8776-563D1E2FDA26}"
	ProjectSection(ProjectDependencies) = postProject
		{4436E331-0E22-4404-B1CB-CCC5B20C459E} = {4436E331-0E22-4404-B1CB-CCC5B20C459E}
	EndProjectSection
EndProject
Project("{8BC9CEB8-8B4A-11D0-8D11-00A0C91BC942}") = "testShadedVoronoi", "vs2012\testShadedVoronoi.vcxproj", "{E5B9C066-AA62-4ED5-9950-53B45ECDE9E0}"
	ProjectSection(ProjectDependencies) = postProject
		{4436E331-0E22-4404-B1CB-CCC5B20C459E} = {4436E331-0E22-4404-B1CB-CCC5B20C459E}
	EndProjectSection
EndProject
Project("{8BC9CEB8-8B4A-11D0-8D11-00A0C91BC942}") = "testSpectrum", "vs2012\testSpectrum.vcxproj", "{DE83CA2E-4F10-4263-9D72-31079735A4A9}"
	ProjectSection(ProjectDependencies) = postProject
		{4436E331-0E22-4404-B1CB-CCC5B20C459E} = {4436E331-0E22-4404-B1CB-CCC5B20C459E}
	EndProjectSection
EndProject
Project("{8BC9CEB8-8B4A-11D0-8D11-00A0C91BC942}") = "testText", "vs2012\testText.vcxproj", "{F7FC3D3F-8007-4188-A895-C6659D327353}"
	ProjectSection(ProjectDependencies) = postProject
		{4436E331-0E22-4404-B1CB-CCC5B20C459E} = {4436E331-0E22-4404-B1CB-CCC5B20C459E}
	EndProjectSection
EndProject
Project("{8BC9CEB8-8B4A-11D0-8D11-00A0C91BC942}") = "testTextCart", "vs2012\testTextCart.vcxproj", "{ECE6163D-9117-4375-8AA6-8BD1D5BA409B}"
	ProjectSection(ProjectDependencies) = postProject
		{4436E331-0E22-4404-B1CB-CCC5B20C459E} = {4436E331-0E22-4404-B1CB-CCC5B20C459E}
	EndProjectSection
EndProject
Project("{8BC9CEB8-8B4A-11D0-8D11-00A0C91BC942}") = "testTextTwo", "vs2012\testTextTwo.vcxproj", "{BC5020F0-25B1-4DB3-A1DE-9E1062B9ACAD}"
	ProjectSection(ProjectDependencies) = postProject
		{4436E331-0E22-4404-B1CB-CCC5B20C459E} = {4436E331-0E22-4404-B1CB-CCC5B20C459E}
	EndProjectSection
EndProject
Project("{8BC9CEB8-8B4A-11D0-8D11-00A0C91BC942}") = "testVoronoi", "vs2012\testVoronoi.vcxproj", "{BB1A650E-51DA-4873-8E65-0BC7A4A09F5E}"
	ProjectSection(ProjectDependencies) = postProject
		{4436E331-0E22-4404-B1CB-CCC5B20C459E} = {4436E331-0E22-4404-B1CB-CCC5B20C459E}
	EndProjectSection
EndProject
Global
	GlobalSection(SolutionConfigurationPlatforms) = preSolution
		Debug|Win32 = Debug|Win32
		Release|Win32 = Release|Win32
	EndGlobalSection
	GlobalSection(ProjectConfigurationPlatforms) = postSolution
		{4436E331-0E22-4404-B1CB-CCC5B20C459E}.Debug|Win32.ActiveCfg = Debug|Win32
		{4436E331-0E22-4404-B1CB-CCC5B20C459E}.Debug|Win32.Build.0 = Debug|Win32
		{4436E331-0E22-4404-B1CB-CCC5B20C459E}.Release|Win32.ActiveCfg = Release|Win32
		{4436E331-0E22-4404-B1CB-CCC5B20C459E}.Release|Win32.Build.0 = Release|Win32
		{DDE7D685-BE55-4B66-9F3C-5E3F7DDF8028}.Debug|Win32.ActiveCfg = Debug|Win32
		{DDE7D685-BE55-4B66-9F3C-5E3F7DDF8028}.Debug|Win32.Build.0 = Debug|Win32
		{DDE7D685-BE55-4B66-9F3C-5E3F7DDF8028}.Release|Win32.ActiveCfg = Release|Win32
		{DDE7D685-BE55-4B66-9F3C-5E3F7DDF8028}.Release|Win32.Build.0 = Release|Win32
		{C3C493B7-A293-49F1-A094-9465349D8661}.Debug|Win32.ActiveCfg = Debug|Win32
		{C3C493B7-A293-49F1-A094-9465349D8661}.Debug|Win32.Build.0 = Debug|Win32
		{C3C493B7-A293-49F1-A094-9465349D8661}.Release|Win32.ActiveCfg = Release|Win32
		{C3C493B7-A293-49F1-A094-9465349D8661}.Release|Win32.Build.0 = Release|Win32
		{6CC9659B-9849-4E4A-835A-693FA23E2CED}.Debug|Win32.ActiveCfg = Debug|Win32
		{6CC9659B-9849-4E4A-835A-693FA23E2CED}.Debug|Win32.Build.0 = Debug|Win32
		{6CC9659B-9849-4E4A-835A-693FA23E2CED}.Release|Win32.ActiveCfg = Release|Win32
		{6CC9659B-9849-4E4A-835A-693FA23E2CED}.Release|Win32.Build.0 = Release|Win32
		{75142FD6-5FA0-40E9-B580-0535B63D659B}.Debug|Win32.ActiveCfg = Debug|Win32
		{75142FD6-5FA0-40E9-B580-0535B63D659B}.Debug|Win32.Build.0 = Debug|Win32
		{75142FD6-5FA0-40E9-B580-0535B63D659B}.Release|Win32.ActiveCfg = Release|Win32
		{75142FD6-5FA0-40E9-B580-0535B63D659B}.Release|Win32.Build.0 = Release|Win32
		{7272C90F-2BB2-4ACA-9608-92422A631366}.Debug|Win32.ActiveCfg = Debug|Win32
		{7272C90F-2BB2-4ACA-9608-92422A631366}.Debug|Win32.Build.0 = Debug|Win32
		{7272C90F-2BB2-4ACA-9608-92422A631366}.Release|Win32.ActiveCfg = Release|Win32
		{7272C90F-2BB2-4ACA-9608-92422A631366}.Release|Win32.Build.0 = Release|Win32
		{F069D325-0ADD-465A-AAA1-9CD1610FF8D6}.Debug|Win32.ActiveCfg = Debug|Win32
		{F069D325-0ADD-465A-AAA1-9CD1610FF8D6}.Debug|Win32.Build.0 = Debug|Win32
		{F069D325-0ADD-465A-AAA1-9CD1610FF8D6}.Release|Win32.ActiveCfg = Release|Win32
		{F069D325-0ADD-465A-AAA1-9CD1610FF8D6}.Release|Win32.Build.0 = Release|Win32
		{D1E18BF0-0152-4C61-8FC3-48568EF4CF97}.Debug|Win32.ActiveCfg = Debug|Win32
		{D1E18BF0-0152-4C61-8FC3-48568EF4CF97}.Debug|Win32.Build.0 = Debug|Win32
		{D1E18BF0-0152-4C61-8FC3-48568EF4CF97}.Release|Win32.ActiveCfg = Release|Win32
		{D1E18BF0-0152-4C61-8FC3-48568EF4CF97}.Release|Win32.Build.0 = Release|Win32
		{1AA40061-6D6E-4893-A56B-0F72B0974282}.Debug|Win32.ActiveCfg = Debug|Win32
		{1AA40061-6D6E-4893-A56B-0F72B0974282}.Debug|Win32.Build.0 = Debug|Win32
		{1AA40061-6D6E-4893-A56B-0F72B0974282}.Release|Win32.ActiveCfg = Release|Win32
		{1AA40061-6D6E-4893-A56B-0F72B0974282}.Release|Win32.Build.0 = Release|Win32
		{2218A2AE-071D-4694-9891-4539F30A9236}.Debug|Win32.ActiveCfg = Debug|Win32
		{2218A2AE-071D-4694-9891-4539F30A9236}.Debug|Win32.Build.0 = Debug|Win32
		{2218A2AE-071D-4694-9891-4539F30A9236}.Release|Win32.ActiveCfg = Release|Win32
		{2218A2AE-071D-4694-9891-4539F30A9236}.Release|Win32.Build.0 = Release|Win32
		{C3EEC148-AD26-4E8A-861D-41CCC7D5A068}.Debug|Win32.ActiveCfg = Debug|Win32
		{C3EEC148-AD26-4E8A-861D-41CCC7D5A068}.Debug|Win32.Build.0 = Debug|Win32
		{C3EEC148-AD26-4E8A-861D-41CCC7D5A068}.Release|Win32.ActiveCfg = Release|Win32
		{C3EEC148-AD26-4E8A-861D-41CCC7D5A068}.Release|Win32.Build.0 = Release|Win32
		{C0E045F9-E70E-4A1B-8F91-490E4863AFAE}.Debug|Win32.ActiveCfg = Debug|Win32
		{C0E045F9-E70E-4A1B-8F91-490E4863AFAE}.Debug|Win32.Build.0 = Debug|Win32
		{C0E045F9-E70E-4A1B-8F91-490E4863AFAE}.Release|Win32.ActiveCfg = Release|Win32
		{C0E045F9-E70E-4A1B-8F91-490E4863AFAE}.Release|Win32.Build.0 = Release|Win32
		{1F3B80CE-170D-4F50-BCB2-6175B440671E}.Debug|Win32.ActiveCfg = Debug|Win32
		{1F3B80CE-170D-4F50-BCB2-6175B440671E}.Debug|Win32.Build.0 = Debug|Win32
		{1F3B80CE-170D-4F50-BCB2-6175B440671E}.Release|Win32.ActiveCfg = Release|Win32
		{1F3B80CE-170D-4F50-BCB2-6175B440671E}.Release|Win32.Build.0 = Release|Win32
		{B34DE966-8249-4D10-B2A8-38076DF60446}.Debug|Win32.ActiveCfg = Debug|Win32
		{B34DE966-8249-4D10-B2A8-38076DF60446}.Debug|Win32.Build.0 = Debug|Win32
		{B34DE966-8249-4D10-B2A8-38076DF60446}.Release|Win32.ActiveCfg = Release|Win32
		{B34DE966-8249-4D10-B2A8-38076DF60446}.Release|Win32.Build.0 = Release|Win32
		{82F5F354-49B9-4B26-A7D6-B1983A22BE57}.Debug|Win32.ActiveCfg = Debug|Win32
		{82F5F354-49B9-4B26-A7D6-B1983A22BE57}.Debug|Win32.Build.0 = Debug|Win32
		{82F5F354-49B9-4B26-A7D6-B1983A22BE57}.Release|Win32.ActiveCfg = Release|Win32
		{82F5F354-49B9-4B26-A7D6-B1983A22BE57}.Release|Win32.Build.0 = Release|Win32
		{091C7892-841B-464B-8C5F-DA4CDE1E17FF}.Debug|Win32.ActiveCfg = Debug|Win32
		{091C7892-841B-464B-8C5F-DA4CDE1E17FF}.Debug|Win32.Build.0 = Debug|Win32
		{091C7892-841B-464B-8C5F-DA4CDE1E17FF}.Release|Win32.ActiveCfg = Release|Win32
		{091C7892-841B-464B-8C5F-DA4CDE1E17FF}.Release|Win32.Build.0 = Release|Win32
		{764971AC-24AC-4393-9590-4CF150E1E4D7}.Debug|Win32.ActiveCfg = Debug|Win32
		{764971AC-24AC-4393-9590-4CF150E1E4D7}.Debug|Win32.Build.0 = Debug|Win32
		{764971AC-24AC-4393-9590-4CF150E1E4D7}.Release|Win32.ActiveCfg = Release|Win32
		{764971AC-24AC-4393-9590-4CF150E1E4D7}.Release|Win32.Build.0 = Release|Win32
		{BDD74ECB-6280-4DED-8213-FC7603B187A1}.Debug|Win32.ActiveCfg = Debug|Win32
		{BDD74ECB-6280-4DED-8213-FC7603B187A1}.Debug|Win32.Build.0 = Debug|Win32
		{BDD74ECB-6280-4DED-8213-FC7603B187A1}.Release|Win32.ActiveCfg = Release|Win32
		{BDD74ECB-6280-4DED-8213-FC7603B187A1}.Release|Win32.Build.0 = Release|Win32
		{68B42B7A-30B0-4507-8315-CFAA8E5040E4}.Debug|Win32.ActiveCfg = Debug|Win32
		{68B42B7A-30B0-4507-8315-CFAA8E5040E4}.Debug|Win32.Build.0 = Debug|Win32
		{68B42B7A-30B0-4507-8315-CFAA8E5040E4}.Release|Win32.ActiveCfg = Release|Win32
		{68B42B7A-30B0-4507-8315-CFAA8E5040E4}.Release|Win32.Build.0 = Release|Win32
		{228735C3-E2B8-4887-8254-FA24D4F25C9E}.Debug|Win32.ActiveCfg = Debug|Win32
		{228735C3-E2B8-4887-8254-FA24D4F25C9E}.Debug|Win32.Build.0 = Debug|Win32
		{228735C3-E2B8-4887-8254-FA24D4F25C9E}.Release|Win32.ActiveCfg = Release|Win32
		{228735C3-E2B8-4887-8254-FA24D4F25C9E}.Release|Win32.Build.0 = Release|Win32
		{2420042C-1EF3-4BF2-BE56-0125A671E824}.Debug|Win32.ActiveCfg = Debug|Win32
		{2420042C-1EF3-4BF2-BE56-0125A671E824}.Debug|Win32.Build.0 = Debug|Win32
		{2420042C-1EF3-4BF2-BE56-0125A671E824}.Release|Win32.ActiveCfg = Release|Win32
		{2420042C-1EF3-4BF2-BE56-0125A671E824}.Release|Win32.Build.0 = Release|Win32
		{245C1543-04B2-4496-BCE4-DC610A80CD3A}.Debug|Win32.ActiveCfg = Debug|Win32
		{245C1543-04B2-4496-BCE4-DC610A80CD3A}.Debug|Win32.Build.0 = Debug|Win32
		{245C1543-04B2-4496-BCE4-DC610A80CD3A}.Release|Win32.ActiveCfg = Release|Win32
		{245C1543-04B2-4496-BCE4-DC610A80CD3A}.Release|Win32.Build.0 = Release|Win32
		{E2690080-E9B0-4539-8362-967949A2CB0D}.Debug|Win32.ActiveCfg = Debug|Win32
		{E2690080-E9B0-4539-8362-967949A2CB0D}.Debug|Win32.Build.0 = Debug|Win32
		{E2690080-E9B0-4539-8362-967949A2CB0D}.Release|Win32.ActiveCfg = Release|Win32
		{E2690080-E9B0-4539-8362-967949A2CB0D}.Release|Win32.Build.0 = Release|Win32
		{4B6B49DC-E40B-45F1-9A6E-A6A75EEDBA4F}.Debug|Win32.ActiveCfg = Debug|Win32
		{4B6B49DC-E40B-45F1-9A6E-A6A75EEDBA4F}.Debug|Win32.Build.0 = Debug|Win32
		{4B6B49DC-E40B-45F1-9A6E-A6A75EEDBA4F}.Release|Win32.ActiveCfg = Release|Win32
		{4B6B49DC-E40B-45F1-9A6E-A6A75EEDBA4F}.Release|Win32.Build.0 = Release|Win32
		{78DAB5A3-7DB1-42AF-B921-CDDB8E58301B}.Debug|Win32.ActiveCfg = Debug|Win32
		{78DAB5A3-7DB1-42AF-B921-CDDB8E58301B}.Debug|Win32.Build.0 = Debug|Win32
		{78DAB5A3-7DB1-42AF-B921-CDDB8E58301B}.Release|Win32.ActiveCfg = Release|Win32
		{78DAB5A3-7DB1-42AF-B921-CDDB8E58301B}.Release|Win32.Build.0 = Release|Win32
		{5F024883-B62F-4B30-B5E0-84A6CD8F834C}.Debug|Win32.ActiveCfg = Debug|Win32
		{5F024883-B62F-4B30-B5E0-84A6CD8F834C}.Debug|Win32.Build.0 = Debug|Win32
		{5F024883-B62F-4B30-B5E0-84A6CD8F834C}.Release|Win32.ActiveCfg = Release|Win32
		{5F024883-B62F-4B30-B5E0-84A6CD8F834C}.Release|Win32.Build.0 = Release|Win32
		{F7E56A8B-4878-4D91-A950-B015F562E6C2}.Debug|Win32.ActiveCfg = Debug|Win32
		{F7E56A8B-4878-4D91-A950-B015F562E6C2}.Debug|Win32.Build.0 = Debug|Win32
		{F7E56A8B-4878-4D91-A950-B015F562E6C2}.Release|Win32.ActiveCfg = Release|Win32
		{F7E56A8B-4878-4D91-A950-B015F562E6C2}.Release|Win32.Build.0 = Release|Win32
		{FB523785-E427-45D7-8A4F-6C3ADCFD0AC7}.Debug|Win32.ActiveCfg = Debug|Win32
		{FB523785-E427-45D7-8A4F-6C3ADCFD0AC7}.Debug|Win32.Build.0 = Debug|Win32
		{FB523785-E427-45D7-8A4F-6C3ADCFD0AC7}.Release|Win32.ActiveCfg = Release|Win32
		{FB523785-E427-45D7-8A4F-6C3ADCFD0AC7}.Release|Win32.Build.0 = Release|Win32
		{AB9E7E75-6E28-4AD0-A6E6-AA98E06AE4D2}.Debug|Win32.ActiveCfg = Debug|Win32
		{AB9E7E75-6E28-4AD0-A6E6-AA98E06AE4D2}.Debug|Win32.Build.0 = Debug|Win32
		{AB9E7E75-6E28-4AD0-A6E6-AA98E06AE4D2}.Release|Win32.ActiveCfg = Release|Win32
		{AB9E7E75-6E28-4AD0-A6E6-AA98E06AE4D2}.Release|Win32.Build.0 = Release|Win32
		{04E2B42D-18F0-4ABF-A5AA-127F0ADA61E7}.Debug|Win32.ActiveCfg = Debug|Win32
		{04E2B42D-18F0-4ABF-A5AA-127F0ADA61E7}.Debug|Win32.Build.0 = Debug|Win32
		{04E2B42D-18F0-4ABF-A5AA-127F0ADA61E7}.Release|Win32.ActiveCfg = Release|Win32
		{04E2B42D-18F0-4ABF-A5AA-127F0ADA61E7}.Release|Win32.Build.0 = Release|Win32
		{FFDE8917-365E-4F5A-BF48-1EC9ECAA132A}.Debug|Win32.ActiveCfg = Debug|Win32
		{FFDE8917-365E-4F5A-BF48-1EC9ECAA132A}.Debug|Win32.Build.0 = Debug|Win32
		{FFDE8917-365E-4F5A-BF48-1EC9ECAA132A}.Release|Win32.ActiveCfg = Release|Win32
		{FFDE8917-365E-4F5A-BF48-1EC9ECAA132A}.Release|Win32.Build.0 = Release|Win32
		{3EC22F58-6C0C-4F4A-8776-563D1E2FDA26}.Debug|Win32.ActiveCfg = Debug|Win32
		{3EC22F58-6C0C-4F4A-8776-563D1E2FDA26}.Debug|Win32.Build.0 = Debug|Win32
		{3EC22F58-6C0C-4F4A-8776-563D1E2FDA26}.Release|Win32.ActiveCfg = Release|Win32
		{3EC22F58-6C0C-4F4A-8776-563D1E2FDA26}.Release|Win32.Build.0 = Release|Win32
		{E5B9C066-AA62-4ED5-9950-53B45ECDE9E0}.Debug|Win32.ActiveCfg = Debug|Win32
		{E5B9C066-AA62-4ED5-9950-53B45ECDE9E0}.Debug|Win32.Build.0 = Debug|Win32
		{E5B9C066-AA62-4ED5-9950-53B45ECDE9E0}.Release|Win32.ActiveCfg = Release|Win32
		{E5B9C066-AA62-4ED5-9950-53B45ECDE9E0}.Release|Win32.Build.0 = Release|Win32
		{DE83CA2E-4F10-4263-9D72-31079735A4A9}.Debug|Win32.ActiveCfg = Debug|Win32
		{DE83CA2E-4F10-4263-9D72-31079735A4A9}.Debug|Win32.Build.0 = Debug|Win32
		{DE83CA2E-4F10-4263-9D72-31079735A4A9}.Release|Win32.ActiveCfg = Release|Win32
		{DE83CA2E-4F10-4263-9D72-31079735A4A9}.Release|Win32.Build.0 = Release|Win32
		{F7FC3D3F-8007-4188-A895-C6659D327353}.Debug|Win32.ActiveCfg = Debug|Win32
		{F7FC3D3F-8007-4188-A895-C6659D327353}.Debug|Win32.Build.0 = Debug|Win32
		{F7FC3D3F-8007-4188-A895-C6659D327353}.Release|Win32.ActiveCfg = Release|Win32
		{F7FC3D3F-8007-4188-A895-C6659D327353}.Release|Win32.Build.0 = Release|Win32
		{ECE6163D-9117-4375-8AA6-8BD1D5BA409B}.Debug|Win32.ActiveCfg = Debug|Win32
		{ECE6163D-9117-4375-8AA6-8BD1D5BA409B}.Debug|Win32.Build.0 = Debug|Win32
		{ECE6163D-9117-4375-8AA6-8BD1D5BA409B}.Release|Win32.ActiveCfg = Release|Win32
		{ECE6163D-9117-4375-8AA6-8BD1D5BA409B}.Release|Win32.Build.0 = Release|Win32
		{BC5020F0-25B1-4DB3-A1DE-9E1062B9ACAD}.Debug|Win32.ActiveCfg = Debug|Win32
		{BC5020F0-25B1-4DB3-A1DE-9E1062B9ACAD}.Debug|Win32.Build.0 = Debug|Win32
		{BC5020F0-25B1-4DB3-A1DE-9E1062B9ACAD}.Release|Win32.ActiveCfg = Release|Win32
		{BC5020F0-25B1-4DB3-A1DE-9E1062B9ACAD}.Release|Win32.Build.0 = Release|Win32
		{BB1A650E-51DA-4873-8E65-0BC7A4A09F5E}.Debug|Win32.ActiveCfg = Debug|Win32
		{BB1A650E-51DA-4873-8E65-0BC7A4A09F5E}.Debug|Win32.Build.0 = Debug|Win32
		{BB1A650E-51DA-4873-8E65-0BC7A4A09F5E}.Release|Win32.ActiveCfg = Release|Win32
		{BB1A650E-51DA-4873-8E65-0BC7A4A09F5E}.Release|Win32.Build.0 = Release|Win32
	EndGlobalSection
	GlobalSection(SolutionProperties) = preSolution
		HideSolutionNode = FALSE
	EndGlobalSection
EndGlobal
