
Microsoft Visual Studio Solution File, Format Version 12.00
# Visual Studio 14
VisualStudioVersion = 14.0.25123.0
MinimumVisualStudioVersion = 10.0.40219.1
Project("{8BC9CEB8-8B4A-11D0-8D11-00A0C91BC942}") = "tsgl", "tsgl.vcxproj", "{58EA8BD9-25C4-4C72-B522-78D13F01D5F1}"
EndProject
Project("{8BC9CEB8-8B4A-11D0-8D11-00A0C91BC942}") = "testAlphaRectangle", "vs2015\testAlphaRectangle.vcxproj", "{AFAF3F9F-66F4-4CF2-8D39-A2D2F07E3CD7}"
	ProjectSection(ProjectDependencies) = postProject
		{58EA8BD9-25C4-4C72-B522-78D13F01D5F1} = {58EA8BD9-25C4-4C72-B522-78D13F01D5F1}
	EndProjectSection
EndProject
Project("{8BC9CEB8-8B4A-11D0-8D11-00A0C91BC942}") = "testAura", "vs2015\testAura.vcxproj", "{53D73A43-D126-4391-931A-839049F51E4E}"
	ProjectSection(ProjectDependencies) = postProject
		{58EA8BD9-25C4-4C72-B522-78D13F01D5F1} = {58EA8BD9-25C4-4C72-B522-78D13F01D5F1}
	EndProjectSection
EndProject
Project("{8BC9CEB8-8B4A-11D0-8D11-00A0C91BC942}") = "testBallroom", "vs2015\testBallroom.vcxproj", "{DFE2695B-89AF-4B20-A9D0-016A72230CAA}"
	ProjectSection(ProjectDependencies) = postProject
		{58EA8BD9-25C4-4C72-B522-78D13F01D5F1} = {58EA8BD9-25C4-4C72-B522-78D13F01D5F1}
	EndProjectSection
EndProject
Project("{8BC9CEB8-8B4A-11D0-8D11-00A0C91BC942}") = "testBlurImage", "vs2015\testBlurImage.vcxproj", "{1054C3EC-0CED-4E73-BC2B-7DED881C0181}"
	ProjectSection(ProjectDependencies) = postProject
		{58EA8BD9-25C4-4C72-B522-78D13F01D5F1} = {58EA8BD9-25C4-4C72-B522-78D13F01D5F1}
	EndProjectSection
EndProject
Project("{8BC9CEB8-8B4A-11D0-8D11-00A0C91BC942}") = "testCalcPi", "vs2015\testCalcPi.vcxproj", "{9A4C1953-CB99-426A-97D7-13E1870259A2}"
	ProjectSection(ProjectDependencies) = postProject
		{58EA8BD9-25C4-4C72-B522-78D13F01D5F1} = {58EA8BD9-25C4-4C72-B522-78D13F01D5F1}
	EndProjectSection
EndProject
Project("{8BC9CEB8-8B4A-11D0-8D11-00A0C91BC942}") = "testColorPoints", "vs2015\testColorPoints.vcxproj", "{C9021074-DAEB-41BA-93B4-44327DD4CAB9}"
	ProjectSection(ProjectDependencies) = postProject
		{58EA8BD9-25C4-4C72-B522-78D13F01D5F1} = {58EA8BD9-25C4-4C72-B522-78D13F01D5F1}
	EndProjectSection
EndProject
Project("{8BC9CEB8-8B4A-11D0-8D11-00A0C91BC942}") = "testColorWheel", "vs2015\testColorWheel.vcxproj", "{0F41C511-F91A-4A60-A4CA-DF5DB53140FC}"
	ProjectSection(ProjectDependencies) = postProject
		{58EA8BD9-25C4-4C72-B522-78D13F01D5F1} = {58EA8BD9-25C4-4C72-B522-78D13F01D5F1}
	EndProjectSection
EndProject
Project("{8BC9CEB8-8B4A-11D0-8D11-00A0C91BC942}") = "testConcavePolygon", "vs2015\testConcavePolygon.vcxproj", "{ED93463C-70E6-4CFD-83A7-69ADA2EC6C02}"
	ProjectSection(ProjectDependencies) = postProject
		{58EA8BD9-25C4-4C72-B522-78D13F01D5F1} = {58EA8BD9-25C4-4C72-B522-78D13F01D5F1}
	EndProjectSection
EndProject
Project("{8BC9CEB8-8B4A-11D0-8D11-00A0C91BC942}") = "testConway", "vs2015\testConway.vcxproj", "{D976C0C5-C094-406E-AD70-D64F5C79C994}"
	ProjectSection(ProjectDependencies) = postProject
		{58EA8BD9-25C4-4C72-B522-78D13F01D5F1} = {58EA8BD9-25C4-4C72-B522-78D13F01D5F1}
	EndProjectSection
EndProject
Project("{8BC9CEB8-8B4A-11D0-8D11-00A0C91BC942}") = "testCosineIntegral", "vs2015\testCosineIntegral.vcxproj", "{504CBA8D-EA92-43CE-81C9-E43270805A7F}"
	ProjectSection(ProjectDependencies) = postProject
		{58EA8BD9-25C4-4C72-B522-78D13F01D5F1} = {58EA8BD9-25C4-4C72-B522-78D13F01D5F1}
	EndProjectSection
EndProject
Project("{8BC9CEB8-8B4A-11D0-8D11-00A0C91BC942}") = "testDumbSort", "vs2015\testDumbSort.vcxproj", "{8A4BDD81-FA5F-4631-9572-959AB79AF784}"
	ProjectSection(ProjectDependencies) = postProject
		{58EA8BD9-25C4-4C72-B522-78D13F01D5F1} = {58EA8BD9-25C4-4C72-B522-78D13F01D5F1}
	EndProjectSection
EndProject
Project("{8BC9CEB8-8B4A-11D0-8D11-00A0C91BC942}") = "testFireworks", "vs2015\testFireworks.vcxproj", "{D7E8F3B6-DB6C-4424-AE12-D825505C2C0A}"
	ProjectSection(ProjectDependencies) = postProject
		{58EA8BD9-25C4-4C72-B522-78D13F01D5F1} = {58EA8BD9-25C4-4C72-B522-78D13F01D5F1}
	EndProjectSection
EndProject
Project("{8BC9CEB8-8B4A-11D0-8D11-00A0C91BC942}") = "testForestFire", "vs2015\testForestFire.vcxproj", "{3CDA2E89-5B53-44BE-9504-DBEE01B1C92F}"
	ProjectSection(ProjectDependencies) = postProject
		{58EA8BD9-25C4-4C72-B522-78D13F01D5F1} = {58EA8BD9-25C4-4C72-B522-78D13F01D5F1}
	EndProjectSection
EndProject
Project("{8BC9CEB8-8B4A-11D0-8D11-00A0C91BC942}") = "testFunction", "vs2015\testFunction.vcxproj", "{0CCEBC78-F51C-4A79-86D0-42137BF00FB3}"
	ProjectSection(ProjectDependencies) = postProject
		{58EA8BD9-25C4-4C72-B522-78D13F01D5F1} = {58EA8BD9-25C4-4C72-B522-78D13F01D5F1}
	EndProjectSection
EndProject
Project("{8BC9CEB8-8B4A-11D0-8D11-00A0C91BC942}") = "testGetPixels", "vs2015\testGetPixels.vcxproj", "{D52C4C34-A1E4-4BE4-8CB7-C2BCA4DD9C02}"
	ProjectSection(ProjectDependencies) = postProject
		{58EA8BD9-25C4-4C72-B522-78D13F01D5F1} = {58EA8BD9-25C4-4C72-B522-78D13F01D5F1}
	EndProjectSection
EndProject
Project("{8BC9CEB8-8B4A-11D0-8D11-00A0C91BC942}") = "testGradientWheel", "vs2015\testGradientWheel.vcxproj", "{C79EFBD3-7E90-48E3-84B9-C713016D5A1D}"
	ProjectSection(ProjectDependencies) = postProject
		{58EA8BD9-25C4-4C72-B522-78D13F01D5F1} = {58EA8BD9-25C4-4C72-B522-78D13F01D5F1}
	EndProjectSection
EndProject
Project("{8BC9CEB8-8B4A-11D0-8D11-00A0C91BC942}") = "testGraydient", "vs2015\testGraydient.vcxproj", "{C0EF0243-3466-46C3-8D44-13F089052E84}"
	ProjectSection(ProjectDependencies) = postProject
		{58EA8BD9-25C4-4C72-B522-78D13F01D5F1} = {58EA8BD9-25C4-4C72-B522-78D13F01D5F1}
	EndProjectSection
EndProject
Project("{8BC9CEB8-8B4A-11D0-8D11-00A0C91BC942}") = "testGreyscale", "vs2015\testGreyscale.vcxproj", "{0D2545F6-BB1C-4EA2-8D45-B57BBB3F7A1F}"
	ProjectSection(ProjectDependencies) = postProject
		{58EA8BD9-25C4-4C72-B522-78D13F01D5F1} = {58EA8BD9-25C4-4C72-B522-78D13F01D5F1}
	EndProjectSection
EndProject
Project("{8BC9CEB8-8B4A-11D0-8D11-00A0C91BC942}") = "testHighData", "vs2015\testHighData.vcxproj", "{25B80A7F-BB1A-4784-AB72-A1431D8069A2}"
	ProjectSection(ProjectDependencies) = postProject
		{58EA8BD9-25C4-4C72-B522-78D13F01D5F1} = {58EA8BD9-25C4-4C72-B522-78D13F01D5F1}
	EndProjectSection
EndProject
Project("{8BC9CEB8-8B4A-11D0-8D11-00A0C91BC942}") = "testImage", "vs2015\testImage.vcxproj", "{7A9B19BE-6E1C-4394-BB7A-E75A1CF260C5}"
	ProjectSection(ProjectDependencies) = postProject
		{58EA8BD9-25C4-4C72-B522-78D13F01D5F1} = {58EA8BD9-25C4-4C72-B522-78D13F01D5F1}
	EndProjectSection
EndProject
Project("{8BC9CEB8-8B4A-11D0-8D11-00A0C91BC942}") = "testImageCart", "vs2015\testImageCart.vcxproj", "{8A05EB64-E40B-4E6B-ACA2-F6749C5C23CE}"
	ProjectSection(ProjectDependencies) = postProject
		{58EA8BD9-25C4-4C72-B522-78D13F01D5F1} = {58EA8BD9-25C4-4C72-B522-78D13F01D5F1}
	EndProjectSection
EndProject
Project("{8BC9CEB8-8B4A-11D0-8D11-00A0C91BC942}") = "testInverter", "vs2015\testInverter.vcxproj", "{6A28DF13-C6A1-45CC-9F99-B5C5A8452170}"
	ProjectSection(ProjectDependencies) = postProject
		{58EA8BD9-25C4-4C72-B522-78D13F01D5F1} = {58EA8BD9-25C4-4C72-B522-78D13F01D5F1}
	EndProjectSection
EndProject
Project("{8BC9CEB8-8B4A-11D0-8D11-00A0C91BC942}") = "testLangton", "vs2015\testLangton.vcxproj", "{D2244954-C45F-4BC2-91EC-B942447692D1}"
	ProjectSection(ProjectDependencies) = postProject
		{58EA8BD9-25C4-4C72-B522-78D13F01D5F1} = {58EA8BD9-25C4-4C72-B522-78D13F01D5F1}
	EndProjectSection
EndProject
Project("{8BC9CEB8-8B4A-11D0-8D11-00A0C91BC942}") = "testLineChain", "vs2015\testLineChain.vcxproj", "{651129E0-7318-483E-9110-A60B50E9D40F}"
	ProjectSection(ProjectDependencies) = postProject
		{58EA8BD9-25C4-4C72-B522-78D13F01D5F1} = {58EA8BD9-25C4-4C72-B522-78D13F01D5F1}
	EndProjectSection
EndProject
Project("{8BC9CEB8-8B4A-11D0-8D11-00A0C91BC942}") = "testLineFan", "vs2015\testLineFan.vcxproj", "{12E6854F-FA5B-4E3F-9AD3-B007B66F4EAC}"
	ProjectSection(ProjectDependencies) = postProject
		{58EA8BD9-25C4-4C72-B522-78D13F01D5F1} = {58EA8BD9-25C4-4C72-B522-78D13F01D5F1}
	EndProjectSection
EndProject
Project("{8BC9CEB8-8B4A-11D0-8D11-00A0C91BC942}") = "testMandelbrot", "vs2015\testMandelbrot.vcxproj", "{A95A2C64-09E2-4907-81B5-2D54D42EEC04}"
	ProjectSection(ProjectDependencies) = postProject
		{58EA8BD9-25C4-4C72-B522-78D13F01D5F1} = {58EA8BD9-25C4-4C72-B522-78D13F01D5F1}
	EndProjectSection
EndProject
Project("{8BC9CEB8-8B4A-11D0-8D11-00A0C91BC942}") = "testMouse", "vs2015\testMouse.vcxproj", "{CB67697C-5861-44A4-AFB7-09A24F27771D}"
	ProjectSection(ProjectDependencies) = postProject
		{58EA8BD9-25C4-4C72-B522-78D13F01D5F1} = {58EA8BD9-25C4-4C72-B522-78D13F01D5F1}
	EndProjectSection
EndProject
Project("{8BC9CEB8-8B4A-11D0-8D11-00A0C91BC942}") = "testNewtonPendulum", "vs2015\testNewtonPendulum.vcxproj", "{9B86A3BC-F918-4980-AAD4-28CD9C2A3B2A}"
	ProjectSection(ProjectDependencies) = postProject
		{58EA8BD9-25C4-4C72-B522-78D13F01D5F1} = {58EA8BD9-25C4-4C72-B522-78D13F01D5F1}
	EndProjectSection
EndProject
Project("{8BC9CEB8-8B4A-11D0-8D11-00A0C91BC942}") = "testPhilosophers", "vs2015\testPhilosophers.vcxproj", "{A6C99933-9A13-41BA-B7F8-215E92C96285}"
	ProjectSection(ProjectDependencies) = postProject
		{58EA8BD9-25C4-4C72-B522-78D13F01D5F1} = {58EA8BD9-25C4-4C72-B522-78D13F01D5F1}
	EndProjectSection
EndProject
Project("{8BC9CEB8-8B4A-11D0-8D11-00A0C91BC942}") = "testPong", "vs2015\testPong.vcxproj", "{9ED2F9A1-D82E-4E24-8757-4FA45E972EB7}"
	ProjectSection(ProjectDependencies) = postProject
		{58EA8BD9-25C4-4C72-B522-78D13F01D5F1} = {58EA8BD9-25C4-4C72-B522-78D13F01D5F1}
	EndProjectSection
EndProject
Project("{8BC9CEB8-8B4A-11D0-8D11-00A0C91BC942}") = "testProjectiles", "vs2015\testProjectiles.vcxproj", "{8701A87E-24FF-427B-B764-581604002EBB}"
	ProjectSection(ProjectDependencies) = postProject
		{58EA8BD9-25C4-4C72-B522-78D13F01D5F1} = {58EA8BD9-25C4-4C72-B522-78D13F01D5F1}
	EndProjectSection
EndProject
Project("{8BC9CEB8-8B4A-11D0-8D11-00A0C91BC942}") = "testScreenshot", "vs2015\testScreenshot.vcxproj", "{49B4D19A-324B-4CEA-AA67-40A729E10FC5}"
	ProjectSection(ProjectDependencies) = postProject
		{58EA8BD9-25C4-4C72-B522-78D13F01D5F1} = {58EA8BD9-25C4-4C72-B522-78D13F01D5F1}
	EndProjectSection
EndProject
Project("{8BC9CEB8-8B4A-11D0-8D11-00A0C91BC942}") = "testSeaUrchin", "vs2015\testSeaUrchin.vcxproj", "{DC4FFBCE-C013-4878-8373-2C620119A8E8}"
	ProjectSection(ProjectDependencies) = postProject
		{58EA8BD9-25C4-4C72-B522-78D13F01D5F1} = {58EA8BD9-25C4-4C72-B522-78D13F01D5F1}
	EndProjectSection
EndProject
Project("{8BC9CEB8-8B4A-11D0-8D11-00A0C91BC942}") = "testSmartSort", "vs2015\testSmartSort.vcxproj", "{7A39C440-6EA7-4437-8DF5-3A373EA88758}"
	ProjectSection(ProjectDependencies) = postProject
		{58EA8BD9-25C4-4C72-B522-78D13F01D5F1} = {58EA8BD9-25C4-4C72-B522-78D13F01D5F1}
	EndProjectSection
EndProject
Project("{8BC9CEB8-8B4A-11D0-8D11-00A0C91BC942}") = "testSpectrogram", "vs2015\testSpectrogram.vcxproj", "{390F2445-49D1-47D9-B46D-44AA006CACD3}"
	ProjectSection(ProjectDependencies) = postProject
		{58EA8BD9-25C4-4C72-B522-78D13F01D5F1} = {58EA8BD9-25C4-4C72-B522-78D13F01D5F1}
	EndProjectSection
EndProject
Project("{8BC9CEB8-8B4A-11D0-8D11-00A0C91BC942}") = "testSpectrum", "vs2015\testSpectrum.vcxproj", "{E1FF87B9-7789-4815-BB58-2ECF21621FCF}"
	ProjectSection(ProjectDependencies) = postProject
		{58EA8BD9-25C4-4C72-B522-78D13F01D5F1} = {58EA8BD9-25C4-4C72-B522-78D13F01D5F1}
	EndProjectSection
EndProject
Project("{8BC9CEB8-8B4A-11D0-8D11-00A0C91BC942}") = "testText", "vs2015\testText.vcxproj", "{6024FAA9-371A-4018-A17A-5FB219B38846}"
	ProjectSection(ProjectDependencies) = postProject
		{58EA8BD9-25C4-4C72-B522-78D13F01D5F1} = {58EA8BD9-25C4-4C72-B522-78D13F01D5F1}
	EndProjectSection
EndProject
Project("{8BC9CEB8-8B4A-11D0-8D11-00A0C91BC942}") = "testTextCart", "vs2015\testTextCart.vcxproj", "{73266FC8-6BDA-442F-923D-4F408B62AF8A}"
	ProjectSection(ProjectDependencies) = postProject
		{58EA8BD9-25C4-4C72-B522-78D13F01D5F1} = {58EA8BD9-25C4-4C72-B522-78D13F01D5F1}
	EndProjectSection
EndProject
Project("{8BC9CEB8-8B4A-11D0-8D11-00A0C91BC942}") = "testTextTwo", "vs2015\testTextTwo.vcxproj", "{11532711-E782-4615-990C-5DA8E66D7697}"
	ProjectSection(ProjectDependencies) = postProject
		{58EA8BD9-25C4-4C72-B522-78D13F01D5F1} = {58EA8BD9-25C4-4C72-B522-78D13F01D5F1}
	EndProjectSection
EndProject
Project("{8BC9CEB8-8B4A-11D0-8D11-00A0C91BC942}") = "testUnits", "vs2015\testUnits.vcxproj", "{94944F08-BB4B-4459-95E7-1113E89D2A7C}"
	ProjectSection(ProjectDependencies) = postProject
		{58EA8BD9-25C4-4C72-B522-78D13F01D5F1} = {58EA8BD9-25C4-4C72-B522-78D13F01D5F1}
	EndProjectSection
EndProject
Project("{8BC9CEB8-8B4A-11D0-8D11-00A0C91BC942}") = "testVoronoi", "vs2015\testVoronoi.vcxproj", "{A795E4C5-A5FC-4FFD-A49B-6D73E4B2A4B4}"
	ProjectSection(ProjectDependencies) = postProject
		{58EA8BD9-25C4-4C72-B522-78D13F01D5F1} = {58EA8BD9-25C4-4C72-B522-78D13F01D5F1}
	EndProjectSection
EndProject
Global
	GlobalSection(SolutionConfigurationPlatforms) = preSolution
		Debug|x64 = Debug|x64
		Debug|x86 = Debug|x86
		Release|x64 = Release|x64
		Release|x86 = Release|x86
	EndGlobalSection
	GlobalSection(ProjectConfigurationPlatforms) = postSolution
		{58EA8BD9-25C4-4C72-B522-78D13F01D5F1}.Debug|x64.ActiveCfg = Debug|Win32
		{58EA8BD9-25C4-4C72-B522-78D13F01D5F1}.Debug|x86.ActiveCfg = Debug|Win32
		{58EA8BD9-25C4-4C72-B522-78D13F01D5F1}.Debug|x86.Build.0 = Debug|Win32
		{58EA8BD9-25C4-4C72-B522-78D13F01D5F1}.Release|x64.ActiveCfg = Release|Win32
		{58EA8BD9-25C4-4C72-B522-78D13F01D5F1}.Release|x86.ActiveCfg = Release|Win32
		{58EA8BD9-25C4-4C72-B522-78D13F01D5F1}.Release|x86.Build.0 = Release|Win32
		{AFAF3F9F-66F4-4CF2-8D39-A2D2F07E3CD7}.Debug|x64.ActiveCfg = Debug|Win32
		{AFAF3F9F-66F4-4CF2-8D39-A2D2F07E3CD7}.Debug|x86.ActiveCfg = Debug|Win32
		{AFAF3F9F-66F4-4CF2-8D39-A2D2F07E3CD7}.Debug|x86.Build.0 = Debug|Win32
		{AFAF3F9F-66F4-4CF2-8D39-A2D2F07E3CD7}.Release|x64.ActiveCfg = Release|Win32
		{AFAF3F9F-66F4-4CF2-8D39-A2D2F07E3CD7}.Release|x86.ActiveCfg = Release|Win32
		{AFAF3F9F-66F4-4CF2-8D39-A2D2F07E3CD7}.Release|x86.Build.0 = Release|Win32
		{53D73A43-D126-4391-931A-839049F51E4E}.Debug|x64.ActiveCfg = Debug|Win32
		{53D73A43-D126-4391-931A-839049F51E4E}.Debug|x86.ActiveCfg = Debug|Win32
		{53D73A43-D126-4391-931A-839049F51E4E}.Debug|x86.Build.0 = Debug|Win32
		{53D73A43-D126-4391-931A-839049F51E4E}.Release|x64.ActiveCfg = Release|Win32
		{53D73A43-D126-4391-931A-839049F51E4E}.Release|x86.ActiveCfg = Release|Win32
		{53D73A43-D126-4391-931A-839049F51E4E}.Release|x86.Build.0 = Release|Win32
		{DFE2695B-89AF-4B20-A9D0-016A72230CAA}.Debug|x64.ActiveCfg = Debug|Win32
		{DFE2695B-89AF-4B20-A9D0-016A72230CAA}.Debug|x86.ActiveCfg = Debug|Win32
		{DFE2695B-89AF-4B20-A9D0-016A72230CAA}.Debug|x86.Build.0 = Debug|Win32
		{DFE2695B-89AF-4B20-A9D0-016A72230CAA}.Release|x64.ActiveCfg = Release|Win32
		{DFE2695B-89AF-4B20-A9D0-016A72230CAA}.Release|x86.ActiveCfg = Release|Win32
		{DFE2695B-89AF-4B20-A9D0-016A72230CAA}.Release|x86.Build.0 = Release|Win32
		{1054C3EC-0CED-4E73-BC2B-7DED881C0181}.Debug|x64.ActiveCfg = Debug|Win32
		{1054C3EC-0CED-4E73-BC2B-7DED881C0181}.Debug|x86.ActiveCfg = Debug|Win32
		{1054C3EC-0CED-4E73-BC2B-7DED881C0181}.Debug|x86.Build.0 = Debug|Win32
		{1054C3EC-0CED-4E73-BC2B-7DED881C0181}.Release|x64.ActiveCfg = Release|Win32
		{1054C3EC-0CED-4E73-BC2B-7DED881C0181}.Release|x86.ActiveCfg = Release|Win32
		{1054C3EC-0CED-4E73-BC2B-7DED881C0181}.Release|x86.Build.0 = Release|Win32
		{9A4C1953-CB99-426A-97D7-13E1870259A2}.Debug|x64.ActiveCfg = Debug|Win32
		{9A4C1953-CB99-426A-97D7-13E1870259A2}.Debug|x86.ActiveCfg = Debug|Win32
		{9A4C1953-CB99-426A-97D7-13E1870259A2}.Debug|x86.Build.0 = Debug|Win32
		{9A4C1953-CB99-426A-97D7-13E1870259A2}.Release|x64.ActiveCfg = Release|Win32
		{9A4C1953-CB99-426A-97D7-13E1870259A2}.Release|x86.ActiveCfg = Release|Win32
		{9A4C1953-CB99-426A-97D7-13E1870259A2}.Release|x86.Build.0 = Release|Win32
		{C9021074-DAEB-41BA-93B4-44327DD4CAB9}.Debug|x64.ActiveCfg = Debug|Win32
		{C9021074-DAEB-41BA-93B4-44327DD4CAB9}.Debug|x86.ActiveCfg = Debug|Win32
		{C9021074-DAEB-41BA-93B4-44327DD4CAB9}.Debug|x86.Build.0 = Debug|Win32
		{C9021074-DAEB-41BA-93B4-44327DD4CAB9}.Release|x64.ActiveCfg = Release|Win32
		{C9021074-DAEB-41BA-93B4-44327DD4CAB9}.Release|x86.ActiveCfg = Release|Win32
		{C9021074-DAEB-41BA-93B4-44327DD4CAB9}.Release|x86.Build.0 = Release|Win32
		{0F41C511-F91A-4A60-A4CA-DF5DB53140FC}.Debug|x64.ActiveCfg = Debug|Win32
		{0F41C511-F91A-4A60-A4CA-DF5DB53140FC}.Debug|x86.ActiveCfg = Debug|Win32
		{0F41C511-F91A-4A60-A4CA-DF5DB53140FC}.Debug|x86.Build.0 = Debug|Win32
		{0F41C511-F91A-4A60-A4CA-DF5DB53140FC}.Release|x64.ActiveCfg = Release|Win32
		{0F41C511-F91A-4A60-A4CA-DF5DB53140FC}.Release|x86.ActiveCfg = Release|Win32
		{0F41C511-F91A-4A60-A4CA-DF5DB53140FC}.Release|x86.Build.0 = Release|Win32
		{ED93463C-70E6-4CFD-83A7-69ADA2EC6C02}.Debug|x64.ActiveCfg = Debug|Win32
		{ED93463C-70E6-4CFD-83A7-69ADA2EC6C02}.Debug|x86.ActiveCfg = Debug|Win32
		{ED93463C-70E6-4CFD-83A7-69ADA2EC6C02}.Debug|x86.Build.0 = Debug|Win32
		{ED93463C-70E6-4CFD-83A7-69ADA2EC6C02}.Release|x64.ActiveCfg = Release|Win32
		{ED93463C-70E6-4CFD-83A7-69ADA2EC6C02}.Release|x86.ActiveCfg = Release|Win32
		{ED93463C-70E6-4CFD-83A7-69ADA2EC6C02}.Release|x86.Build.0 = Release|Win32
		{D976C0C5-C094-406E-AD70-D64F5C79C994}.Debug|x64.ActiveCfg = Debug|Win32
		{D976C0C5-C094-406E-AD70-D64F5C79C994}.Debug|x86.ActiveCfg = Debug|Win32
		{D976C0C5-C094-406E-AD70-D64F5C79C994}.Debug|x86.Build.0 = Debug|Win32
		{D976C0C5-C094-406E-AD70-D64F5C79C994}.Release|x64.ActiveCfg = Release|Win32
		{D976C0C5-C094-406E-AD70-D64F5C79C994}.Release|x86.ActiveCfg = Release|Win32
		{D976C0C5-C094-406E-AD70-D64F5C79C994}.Release|x86.Build.0 = Release|Win32
		{504CBA8D-EA92-43CE-81C9-E43270805A7F}.Debug|x64.ActiveCfg = Debug|Win32
		{504CBA8D-EA92-43CE-81C9-E43270805A7F}.Debug|x86.ActiveCfg = Debug|Win32
		{504CBA8D-EA92-43CE-81C9-E43270805A7F}.Debug|x86.Build.0 = Debug|Win32
		{504CBA8D-EA92-43CE-81C9-E43270805A7F}.Release|x64.ActiveCfg = Release|Win32
		{504CBA8D-EA92-43CE-81C9-E43270805A7F}.Release|x86.ActiveCfg = Release|Win32
		{504CBA8D-EA92-43CE-81C9-E43270805A7F}.Release|x86.Build.0 = Release|Win32
		{8A4BDD81-FA5F-4631-9572-959AB79AF784}.Debug|x64.ActiveCfg = Debug|Win32
		{8A4BDD81-FA5F-4631-9572-959AB79AF784}.Debug|x86.ActiveCfg = Debug|Win32
		{8A4BDD81-FA5F-4631-9572-959AB79AF784}.Debug|x86.Build.0 = Debug|Win32
		{8A4BDD81-FA5F-4631-9572-959AB79AF784}.Release|x64.ActiveCfg = Release|Win32
		{8A4BDD81-FA5F-4631-9572-959AB79AF784}.Release|x86.ActiveCfg = Release|Win32
		{8A4BDD81-FA5F-4631-9572-959AB79AF784}.Release|x86.Build.0 = Release|Win32
		{D7E8F3B6-DB6C-4424-AE12-D825505C2C0A}.Debug|x64.ActiveCfg = Debug|Win32
		{D7E8F3B6-DB6C-4424-AE12-D825505C2C0A}.Debug|x86.ActiveCfg = Debug|Win32
		{D7E8F3B6-DB6C-4424-AE12-D825505C2C0A}.Debug|x86.Build.0 = Debug|Win32
		{D7E8F3B6-DB6C-4424-AE12-D825505C2C0A}.Release|x64.ActiveCfg = Release|Win32
		{D7E8F3B6-DB6C-4424-AE12-D825505C2C0A}.Release|x86.ActiveCfg = Release|Win32
		{D7E8F3B6-DB6C-4424-AE12-D825505C2C0A}.Release|x86.Build.0 = Release|Win32
		{3CDA2E89-5B53-44BE-9504-DBEE01B1C92F}.Debug|x64.ActiveCfg = Debug|Win32
		{3CDA2E89-5B53-44BE-9504-DBEE01B1C92F}.Debug|x86.ActiveCfg = Debug|Win32
		{3CDA2E89-5B53-44BE-9504-DBEE01B1C92F}.Debug|x86.Build.0 = Debug|Win32
		{3CDA2E89-5B53-44BE-9504-DBEE01B1C92F}.Release|x64.ActiveCfg = Release|Win32
		{3CDA2E89-5B53-44BE-9504-DBEE01B1C92F}.Release|x86.ActiveCfg = Release|Win32
		{3CDA2E89-5B53-44BE-9504-DBEE01B1C92F}.Release|x86.Build.0 = Release|Win32
		{0CCEBC78-F51C-4A79-86D0-42137BF00FB3}.Debug|x64.ActiveCfg = Debug|Win32
		{0CCEBC78-F51C-4A79-86D0-42137BF00FB3}.Debug|x86.ActiveCfg = Debug|Win32
		{0CCEBC78-F51C-4A79-86D0-42137BF00FB3}.Debug|x86.Build.0 = Debug|Win32
		{0CCEBC78-F51C-4A79-86D0-42137BF00FB3}.Release|x64.ActiveCfg = Release|Win32
		{0CCEBC78-F51C-4A79-86D0-42137BF00FB3}.Release|x86.ActiveCfg = Release|Win32
		{0CCEBC78-F51C-4A79-86D0-42137BF00FB3}.Release|x86.Build.0 = Release|Win32
		{D52C4C34-A1E4-4BE4-8CB7-C2BCA4DD9C02}.Debug|x64.ActiveCfg = Debug|Win32
		{D52C4C34-A1E4-4BE4-8CB7-C2BCA4DD9C02}.Debug|x86.ActiveCfg = Debug|Win32
		{D52C4C34-A1E4-4BE4-8CB7-C2BCA4DD9C02}.Debug|x86.Build.0 = Debug|Win32
		{D52C4C34-A1E4-4BE4-8CB7-C2BCA4DD9C02}.Release|x64.ActiveCfg = Release|Win32
		{D52C4C34-A1E4-4BE4-8CB7-C2BCA4DD9C02}.Release|x86.ActiveCfg = Release|Win32
		{D52C4C34-A1E4-4BE4-8CB7-C2BCA4DD9C02}.Release|x86.Build.0 = Release|Win32
		{C79EFBD3-7E90-48E3-84B9-C713016D5A1D}.Debug|x64.ActiveCfg = Debug|Win32
		{C79EFBD3-7E90-48E3-84B9-C713016D5A1D}.Debug|x86.ActiveCfg = Debug|Win32
		{C79EFBD3-7E90-48E3-84B9-C713016D5A1D}.Debug|x86.Build.0 = Debug|Win32
		{C79EFBD3-7E90-48E3-84B9-C713016D5A1D}.Release|x64.ActiveCfg = Release|Win32
		{C79EFBD3-7E90-48E3-84B9-C713016D5A1D}.Release|x86.ActiveCfg = Release|Win32
		{C79EFBD3-7E90-48E3-84B9-C713016D5A1D}.Release|x86.Build.0 = Release|Win32
		{C0EF0243-3466-46C3-8D44-13F089052E84}.Debug|x64.ActiveCfg = Debug|Win32
		{C0EF0243-3466-46C3-8D44-13F089052E84}.Debug|x86.ActiveCfg = Debug|Win32
		{C0EF0243-3466-46C3-8D44-13F089052E84}.Debug|x86.Build.0 = Debug|Win32
		{C0EF0243-3466-46C3-8D44-13F089052E84}.Release|x64.ActiveCfg = Release|Win32
		{C0EF0243-3466-46C3-8D44-13F089052E84}.Release|x86.ActiveCfg = Release|Win32
		{C0EF0243-3466-46C3-8D44-13F089052E84}.Release|x86.Build.0 = Release|Win32
		{0D2545F6-BB1C-4EA2-8D45-B57BBB3F7A1F}.Debug|x64.ActiveCfg = Debug|Win32
		{0D2545F6-BB1C-4EA2-8D45-B57BBB3F7A1F}.Debug|x86.ActiveCfg = Debug|Win32
		{0D2545F6-BB1C-4EA2-8D45-B57BBB3F7A1F}.Debug|x86.Build.0 = Debug|Win32
		{0D2545F6-BB1C-4EA2-8D45-B57BBB3F7A1F}.Release|x64.ActiveCfg = Release|Win32
		{0D2545F6-BB1C-4EA2-8D45-B57BBB3F7A1F}.Release|x86.ActiveCfg = Release|Win32
		{0D2545F6-BB1C-4EA2-8D45-B57BBB3F7A1F}.Release|x86.Build.0 = Release|Win32
		{25B80A7F-BB1A-4784-AB72-A1431D8069A2}.Debug|x64.ActiveCfg = Debug|Win32
		{25B80A7F-BB1A-4784-AB72-A1431D8069A2}.Debug|x86.ActiveCfg = Debug|Win32
		{25B80A7F-BB1A-4784-AB72-A1431D8069A2}.Debug|x86.Build.0 = Debug|Win32
		{25B80A7F-BB1A-4784-AB72-A1431D8069A2}.Release|x64.ActiveCfg = Release|Win32
		{25B80A7F-BB1A-4784-AB72-A1431D8069A2}.Release|x86.ActiveCfg = Release|Win32
		{25B80A7F-BB1A-4784-AB72-A1431D8069A2}.Release|x86.Build.0 = Release|Win32
		{7A9B19BE-6E1C-4394-BB7A-E75A1CF260C5}.Debug|x64.ActiveCfg = Debug|Win32
		{7A9B19BE-6E1C-4394-BB7A-E75A1CF260C5}.Debug|x86.ActiveCfg = Debug|Win32
		{7A9B19BE-6E1C-4394-BB7A-E75A1CF260C5}.Debug|x86.Build.0 = Debug|Win32
		{7A9B19BE-6E1C-4394-BB7A-E75A1CF260C5}.Release|x64.ActiveCfg = Release|Win32
		{7A9B19BE-6E1C-4394-BB7A-E75A1CF260C5}.Release|x86.ActiveCfg = Release|Win32
		{7A9B19BE-6E1C-4394-BB7A-E75A1CF260C5}.Release|x86.Build.0 = Release|Win32
		{8A05EB64-E40B-4E6B-ACA2-F6749C5C23CE}.Debug|x64.ActiveCfg = Debug|Win32
		{8A05EB64-E40B-4E6B-ACA2-F6749C5C23CE}.Debug|x86.ActiveCfg = Debug|Win32
		{8A05EB64-E40B-4E6B-ACA2-F6749C5C23CE}.Debug|x86.Build.0 = Debug|Win32
		{8A05EB64-E40B-4E6B-ACA2-F6749C5C23CE}.Release|x64.ActiveCfg = Release|Win32
		{8A05EB64-E40B-4E6B-ACA2-F6749C5C23CE}.Release|x86.ActiveCfg = Release|Win32
		{8A05EB64-E40B-4E6B-ACA2-F6749C5C23CE}.Release|x86.Build.0 = Release|Win32
		{6A28DF13-C6A1-45CC-9F99-B5C5A8452170}.Debug|x64.ActiveCfg = Debug|Win32
		{6A28DF13-C6A1-45CC-9F99-B5C5A8452170}.Debug|x86.ActiveCfg = Debug|Win32
		{6A28DF13-C6A1-45CC-9F99-B5C5A8452170}.Debug|x86.Build.0 = Debug|Win32
		{6A28DF13-C6A1-45CC-9F99-B5C5A8452170}.Release|x64.ActiveCfg = Release|Win32
		{6A28DF13-C6A1-45CC-9F99-B5C5A8452170}.Release|x86.ActiveCfg = Release|Win32
		{6A28DF13-C6A1-45CC-9F99-B5C5A8452170}.Release|x86.Build.0 = Release|Win32
		{D2244954-C45F-4BC2-91EC-B942447692D1}.Debug|x64.ActiveCfg = Debug|Win32
		{D2244954-C45F-4BC2-91EC-B942447692D1}.Debug|x86.ActiveCfg = Debug|Win32
		{D2244954-C45F-4BC2-91EC-B942447692D1}.Debug|x86.Build.0 = Debug|Win32
		{D2244954-C45F-4BC2-91EC-B942447692D1}.Release|x64.ActiveCfg = Release|Win32
		{D2244954-C45F-4BC2-91EC-B942447692D1}.Release|x86.ActiveCfg = Release|Win32
		{D2244954-C45F-4BC2-91EC-B942447692D1}.Release|x86.Build.0 = Release|Win32
		{651129E0-7318-483E-9110-A60B50E9D40F}.Debug|x64.ActiveCfg = Debug|Win32
		{651129E0-7318-483E-9110-A60B50E9D40F}.Debug|x86.ActiveCfg = Debug|Win32
		{651129E0-7318-483E-9110-A60B50E9D40F}.Debug|x86.Build.0 = Debug|Win32
		{651129E0-7318-483E-9110-A60B50E9D40F}.Release|x64.ActiveCfg = Release|Win32
		{651129E0-7318-483E-9110-A60B50E9D40F}.Release|x86.ActiveCfg = Release|Win32
		{651129E0-7318-483E-9110-A60B50E9D40F}.Release|x86.Build.0 = Release|Win32
		{12E6854F-FA5B-4E3F-9AD3-B007B66F4EAC}.Debug|x64.ActiveCfg = Debug|Win32
		{12E6854F-FA5B-4E3F-9AD3-B007B66F4EAC}.Debug|x86.ActiveCfg = Debug|Win32
		{12E6854F-FA5B-4E3F-9AD3-B007B66F4EAC}.Debug|x86.Build.0 = Debug|Win32
		{12E6854F-FA5B-4E3F-9AD3-B007B66F4EAC}.Release|x64.ActiveCfg = Release|Win32
		{12E6854F-FA5B-4E3F-9AD3-B007B66F4EAC}.Release|x86.ActiveCfg = Release|Win32
		{12E6854F-FA5B-4E3F-9AD3-B007B66F4EAC}.Release|x86.Build.0 = Release|Win32
		{A95A2C64-09E2-4907-81B5-2D54D42EEC04}.Debug|x64.ActiveCfg = Debug|Win32
		{A95A2C64-09E2-4907-81B5-2D54D42EEC04}.Debug|x86.ActiveCfg = Debug|Win32
		{A95A2C64-09E2-4907-81B5-2D54D42EEC04}.Debug|x86.Build.0 = Debug|Win32
		{A95A2C64-09E2-4907-81B5-2D54D42EEC04}.Release|x64.ActiveCfg = Release|Win32
		{A95A2C64-09E2-4907-81B5-2D54D42EEC04}.Release|x86.ActiveCfg = Release|Win32
		{A95A2C64-09E2-4907-81B5-2D54D42EEC04}.Release|x86.Build.0 = Release|Win32
		{CB67697C-5861-44A4-AFB7-09A24F27771D}.Debug|x64.ActiveCfg = Debug|Win32
		{CB67697C-5861-44A4-AFB7-09A24F27771D}.Debug|x86.ActiveCfg = Debug|Win32
		{CB67697C-5861-44A4-AFB7-09A24F27771D}.Debug|x86.Build.0 = Debug|Win32
		{CB67697C-5861-44A4-AFB7-09A24F27771D}.Release|x64.ActiveCfg = Release|Win32
		{CB67697C-5861-44A4-AFB7-09A24F27771D}.Release|x86.ActiveCfg = Release|Win32
		{CB67697C-5861-44A4-AFB7-09A24F27771D}.Release|x86.Build.0 = Release|Win32
		{9B86A3BC-F918-4980-AAD4-28CD9C2A3B2A}.Debug|x64.ActiveCfg = Debug|Win32
		{9B86A3BC-F918-4980-AAD4-28CD9C2A3B2A}.Debug|x86.ActiveCfg = Debug|Win32
		{9B86A3BC-F918-4980-AAD4-28CD9C2A3B2A}.Debug|x86.Build.0 = Debug|Win32
		{9B86A3BC-F918-4980-AAD4-28CD9C2A3B2A}.Release|x64.ActiveCfg = Release|Win32
		{9B86A3BC-F918-4980-AAD4-28CD9C2A3B2A}.Release|x86.ActiveCfg = Release|Win32
		{9B86A3BC-F918-4980-AAD4-28CD9C2A3B2A}.Release|x86.Build.0 = Release|Win32
		{A6C99933-9A13-41BA-B7F8-215E92C96285}.Debug|x64.ActiveCfg = Debug|Win32
		{A6C99933-9A13-41BA-B7F8-215E92C96285}.Debug|x86.ActiveCfg = Debug|Win32
		{A6C99933-9A13-41BA-B7F8-215E92C96285}.Debug|x86.Build.0 = Debug|Win32
		{A6C99933-9A13-41BA-B7F8-215E92C96285}.Release|x64.ActiveCfg = Release|Win32
		{A6C99933-9A13-41BA-B7F8-215E92C96285}.Release|x86.ActiveCfg = Release|Win32
		{A6C99933-9A13-41BA-B7F8-215E92C96285}.Release|x86.Build.0 = Release|Win32
		{9ED2F9A1-D82E-4E24-8757-4FA45E972EB7}.Debug|x64.ActiveCfg = Debug|Win32
		{9ED2F9A1-D82E-4E24-8757-4FA45E972EB7}.Debug|x86.ActiveCfg = Debug|Win32
		{9ED2F9A1-D82E-4E24-8757-4FA45E972EB7}.Debug|x86.Build.0 = Debug|Win32
		{9ED2F9A1-D82E-4E24-8757-4FA45E972EB7}.Release|x64.ActiveCfg = Release|Win32
		{9ED2F9A1-D82E-4E24-8757-4FA45E972EB7}.Release|x86.ActiveCfg = Release|Win32
		{9ED2F9A1-D82E-4E24-8757-4FA45E972EB7}.Release|x86.Build.0 = Release|Win32
		{8701A87E-24FF-427B-B764-581604002EBB}.Debug|x64.ActiveCfg = Debug|Win32
		{8701A87E-24FF-427B-B764-581604002EBB}.Debug|x86.ActiveCfg = Debug|Win32
		{8701A87E-24FF-427B-B764-581604002EBB}.Debug|x86.Build.0 = Debug|Win32
		{8701A87E-24FF-427B-B764-581604002EBB}.Release|x64.ActiveCfg = Release|Win32
		{8701A87E-24FF-427B-B764-581604002EBB}.Release|x86.ActiveCfg = Release|Win32
		{8701A87E-24FF-427B-B764-581604002EBB}.Release|x86.Build.0 = Release|Win32
		{49B4D19A-324B-4CEA-AA67-40A729E10FC5}.Debug|x64.ActiveCfg = Debug|Win32
		{49B4D19A-324B-4CEA-AA67-40A729E10FC5}.Debug|x86.ActiveCfg = Debug|Win32
		{49B4D19A-324B-4CEA-AA67-40A729E10FC5}.Debug|x86.Build.0 = Debug|Win32
		{49B4D19A-324B-4CEA-AA67-40A729E10FC5}.Release|x64.ActiveCfg = Release|Win32
		{49B4D19A-324B-4CEA-AA67-40A729E10FC5}.Release|x86.ActiveCfg = Release|Win32
		{49B4D19A-324B-4CEA-AA67-40A729E10FC5}.Release|x86.Build.0 = Release|Win32
		{DC4FFBCE-C013-4878-8373-2C620119A8E8}.Debug|x64.ActiveCfg = Debug|Win32
		{DC4FFBCE-C013-4878-8373-2C620119A8E8}.Debug|x86.ActiveCfg = Debug|Win32
		{DC4FFBCE-C013-4878-8373-2C620119A8E8}.Debug|x86.Build.0 = Debug|Win32
		{DC4FFBCE-C013-4878-8373-2C620119A8E8}.Release|x64.ActiveCfg = Release|Win32
		{DC4FFBCE-C013-4878-8373-2C620119A8E8}.Release|x86.ActiveCfg = Release|Win32
		{DC4FFBCE-C013-4878-8373-2C620119A8E8}.Release|x86.Build.0 = Release|Win32
		{7A39C440-6EA7-4437-8DF5-3A373EA88758}.Debug|x64.ActiveCfg = Debug|Win32
		{7A39C440-6EA7-4437-8DF5-3A373EA88758}.Debug|x86.ActiveCfg = Debug|Win32
		{7A39C440-6EA7-4437-8DF5-3A373EA88758}.Debug|x86.Build.0 = Debug|Win32
		{7A39C440-6EA7-4437-8DF5-3A373EA88758}.Release|x64.ActiveCfg = Release|Win32
		{7A39C440-6EA7-4437-8DF5-3A373EA88758}.Release|x86.ActiveCfg = Release|Win32
		{7A39C440-6EA7-4437-8DF5-3A373EA88758}.Release|x86.Build.0 = Release|Win32
		{390F2445-49D1-47D9-B46D-44AA006CACD3}.Debug|x64.ActiveCfg = Debug|Win32
		{390F2445-49D1-47D9-B46D-44AA006CACD3}.Debug|x86.ActiveCfg = Debug|Win32
		{390F2445-49D1-47D9-B46D-44AA006CACD3}.Debug|x86.Build.0 = Debug|Win32
		{390F2445-49D1-47D9-B46D-44AA006CACD3}.Release|x64.ActiveCfg = Release|Win32
		{390F2445-49D1-47D9-B46D-44AA006CACD3}.Release|x86.ActiveCfg = Release|Win32
		{390F2445-49D1-47D9-B46D-44AA006CACD3}.Release|x86.Build.0 = Release|Win32
		{E1FF87B9-7789-4815-BB58-2ECF21621FCF}.Debug|x64.ActiveCfg = Debug|Win32
		{E1FF87B9-7789-4815-BB58-2ECF21621FCF}.Debug|x86.ActiveCfg = Debug|Win32
		{E1FF87B9-7789-4815-BB58-2ECF21621FCF}.Debug|x86.Build.0 = Debug|Win32
		{E1FF87B9-7789-4815-BB58-2ECF21621FCF}.Release|x64.ActiveCfg = Release|Win32
		{E1FF87B9-7789-4815-BB58-2ECF21621FCF}.Release|x86.ActiveCfg = Release|Win32
		{E1FF87B9-7789-4815-BB58-2ECF21621FCF}.Release|x86.Build.0 = Release|Win32
		{6024FAA9-371A-4018-A17A-5FB219B38846}.Debug|x64.ActiveCfg = Debug|Win32
		{6024FAA9-371A-4018-A17A-5FB219B38846}.Debug|x86.ActiveCfg = Debug|Win32
		{6024FAA9-371A-4018-A17A-5FB219B38846}.Debug|x86.Build.0 = Debug|Win32
		{6024FAA9-371A-4018-A17A-5FB219B38846}.Release|x64.ActiveCfg = Release|Win32
		{6024FAA9-371A-4018-A17A-5FB219B38846}.Release|x86.ActiveCfg = Release|Win32
		{6024FAA9-371A-4018-A17A-5FB219B38846}.Release|x86.Build.0 = Release|Win32
		{73266FC8-6BDA-442F-923D-4F408B62AF8A}.Debug|x64.ActiveCfg = Debug|Win32
		{73266FC8-6BDA-442F-923D-4F408B62AF8A}.Debug|x86.ActiveCfg = Debug|Win32
		{73266FC8-6BDA-442F-923D-4F408B62AF8A}.Debug|x86.Build.0 = Debug|Win32
		{73266FC8-6BDA-442F-923D-4F408B62AF8A}.Release|x64.ActiveCfg = Release|Win32
		{73266FC8-6BDA-442F-923D-4F408B62AF8A}.Release|x86.ActiveCfg = Release|Win32
		{73266FC8-6BDA-442F-923D-4F408B62AF8A}.Release|x86.Build.0 = Release|Win32
		{11532711-E782-4615-990C-5DA8E66D7697}.Debug|x64.ActiveCfg = Debug|Win32
		{11532711-E782-4615-990C-5DA8E66D7697}.Debug|x86.ActiveCfg = Debug|Win32
		{11532711-E782-4615-990C-5DA8E66D7697}.Debug|x86.Build.0 = Debug|Win32
		{11532711-E782-4615-990C-5DA8E66D7697}.Release|x64.ActiveCfg = Release|Win32
		{11532711-E782-4615-990C-5DA8E66D7697}.Release|x86.ActiveCfg = Release|Win32
		{11532711-E782-4615-990C-5DA8E66D7697}.Release|x86.Build.0 = Release|Win32
		{94944F08-BB4B-4459-95E7-1113E89D2A7C}.Debug|x64.ActiveCfg = Debug|Win32
		{94944F08-BB4B-4459-95E7-1113E89D2A7C}.Debug|x86.ActiveCfg = Debug|Win32
		{94944F08-BB4B-4459-95E7-1113E89D2A7C}.Debug|x86.Build.0 = Debug|Win32
		{94944F08-BB4B-4459-95E7-1113E89D2A7C}.Release|x64.ActiveCfg = Release|Win32
		{94944F08-BB4B-4459-95E7-1113E89D2A7C}.Release|x86.ActiveCfg = Release|Win32
		{94944F08-BB4B-4459-95E7-1113E89D2A7C}.Release|x86.Build.0 = Release|Win32
		{A795E4C5-A5FC-4FFD-A49B-6D73E4B2A4B4}.Debug|x64.ActiveCfg = Debug|Win32
		{A795E4C5-A5FC-4FFD-A49B-6D73E4B2A4B4}.Debug|x86.ActiveCfg = Debug|Win32
		{A795E4C5-A5FC-4FFD-A49B-6D73E4B2A4B4}.Debug|x86.Build.0 = Debug|Win32
		{A795E4C5-A5FC-4FFD-A49B-6D73E4B2A4B4}.Release|x64.ActiveCfg = Release|Win32
		{A795E4C5-A5FC-4FFD-A49B-6D73E4B2A4B4}.Release|x86.ActiveCfg = Release|Win32
		{A795E4C5-A5FC-4FFD-A49B-6D73E4B2A4B4}.Release|x86.Build.0 = Release|Win32
	EndGlobalSection
	GlobalSection(SolutionProperties) = preSolution
		HideSolutionNode = FALSE
	EndGlobalSection
EndGlobal
