<?xml version="1.0" encoding="utf-8"?>
<Project ToolsVersion="4.0" xmlns="http://schemas.microsoft.com/developer/msbuild/2003">
  <ItemGroup>
    <Filter Include="Source Files">
      <UniqueIdentifier>{4FC737F1-C7A5-4376-A066-2A32D752A2FF}</UniqueIdentifier>
      <Extensions>cpp;c;cc;cxx;def;odl;idl;hpj;bat;asm;asmx</Extensions>
    </Filter>
    <Filter Include="Header Files">
      <UniqueIdentifier>{93995380-89BD-4b04-88EB-625FBE52EBFB}</UniqueIdentifier>
      <Extensions>h;hpp;hxx;hm;inl;inc;xsd</Extensions>
    </Filter>
    <Filter Include="Resource Files">
      <UniqueIdentifier>{67DA6AB6-F800-4c08-8B7A-83BB121AAD01}</UniqueIdentifier>
      <Extensions>rc;ico;cur;bmp;dlg;rc2;rct;bin;rgs;gif;jpg;jpeg;jpe;resx;tiff;tif;png;wav</Extensions>
    </Filter>
  </ItemGroup>
  <ItemGroup>
    <ClCompile Include="src\tsgl\Canvas.cpp">
      <Filter>Source Files</Filter>
    </ClCompile>
    <ClCompile Include="src\tsgl\CartesianCanvas.cpp">
      <Filter>Source Files</Filter>
    </ClCompile>
    <ClCompile Include="src\tsgl\Color.cpp">
      <Filter>Source Files</Filter>
    </ClCompile>
    <ClCompile Include="src\tsgl\ColoredPolygon.cpp">
      <Filter>Source Files</Filter>
    </ClCompile>
    <ClCompile Include="src\tsgl\ConcavePolygon.cpp">
      <Filter>Source Files</Filter>
    </ClCompile>
    <ClCompile Include="src\tsgl\ConvexPolygon.cpp">
      <Filter>Source Files</Filter>
    </ClCompile>
    <ClCompile Include="src\tsgl\Image.cpp">
      <Filter>Source Files</Filter>
    </ClCompile>
    <ClCompile Include="src\tsgl\Line.cpp">
      <Filter>Source Files</Filter>
    </ClCompile>
    <ClCompile Include="src\tsgl\Polyline.cpp">
      <Filter>Source Files</Filter>
    </ClCompile>
    <ClCompile Include="src\tsgl\Rectangle.cpp">
      <Filter>Source Files</Filter>
    </ClCompile>
    <ClCompile Include="src\tsgl\Text.cpp">
      <Filter>Source Files</Filter>
    </ClCompile>
    <ClCompile Include="src\tsgl\TextureHandler.cpp">
      <Filter>Source Files</Filter>
    </ClCompile>
    <ClCompile Include="src\tsgl\Timer.cpp">
      <Filter>Source Files</Filter>
    </ClCompile>
    <ClCompile Include="src\tsgl\Triangle.cpp">
      <Filter>Source Files</Filter>
    </ClCompile>
  </ItemGroup>
  <ItemGroup>
    <ClInclude Include="src\tsgl\Array.h">
      <Filter>Header Files</Filter>
    </ClInclude>
    <ClInclude Include="src\tsgl\Canvas.h">
      <Filter>Header Files</Filter>
    </ClInclude>
    <ClInclude Include="src\tsgl\CartesianCanvas.h">
      <Filter>Header Files</Filter>
    </ClInclude>
    <ClInclude Include="src\tsgl\Color.h">
      <Filter>Header Files</Filter>
    </ClInclude>
    <ClInclude Include="src\tsgl\ColoredPolygon.h">
      <Filter>Header Files</Filter>
    </ClInclude>
    <ClInclude Include="src\tsgl\ConcavePolygon.h">
      <Filter>Header Files</Filter>
    </ClInclude>
    <ClInclude Include="src\tsgl\ConvexPolygon.h">
      <Filter>Header Files</Filter>
    </ClInclude>
    <ClInclude Include="src\tsgl\Function.h">
      <Filter>Header Files</Filter>
    </ClInclude>
    <ClInclude Include="src\tsgl\Image.h">
      <Filter>Header Files</Filter>
    </ClInclude>
    <ClInclude Include="src\tsgl\Keynums.h">
      <Filter>Header Files</Filter>
    </ClInclude>
    <ClInclude Include="src\tsgl\Line.h">
      <Filter>Header Files</Filter>
    </ClInclude>
    <ClInclude Include="src\tsgl\Polyline.h">
      <Filter>Header Files</Filter>
    </ClInclude>
    <ClInclude Include="src\tsgl\Rectangle.h">
      <Filter>Header Files</Filter>
    </ClInclude>
    <ClInclude Include="src\tsgl\Shape.h">
      <Filter>Header Files</Filter>
    </ClInclude>
    <ClInclude Include="src\tsgl\Text.h">
      <Filter>Header Files</Filter>
    </ClInclude>
    <ClInclude Include="src\tsgl\TextureHandler.h">
      <Filter>Header Files</Filter>
    </ClInclude>
    <ClInclude Include="src\tsgl\Timer.h">
      <Filter>Header Files</Filter>
    </ClInclude>
    <ClInclude Include="src\tsgl\Triangle.h">
      <Filter>Header Files</Filter>
    </ClInclude>
    <ClInclude Include="src\tsgl\tsgl.h">
      <Filter>Header Files</Filter>
    </ClInclude>
  </ItemGroup>
</Project>